
Microsoft Visual Studio Solution File, Format Version 12.00
# Visual Studio 15
VisualStudioVersion = 15.0.27130.2036
MinimumVisualStudioVersion = 10.0.40219.1
Project("{FAE04EC0-301F-11D3-BF4B-00C04F79EFBC}") = "Web Api", "1、Web Api\Web Api.csproj", "{F0C8CA97-3F3E-492A-8CB3-E45AA6A32DFF}"
EndProject
Project("{FAE04EC0-301F-11D3-BF4B-00C04F79EFBC}") = "Override", "Override\Override.csproj", "{07A2F29B-B982-4656-86B0-4C1F736870BB}"
EndProject
Project("{FAE04EC0-301F-11D3-BF4B-00C04F79EFBC}") = "WebApiHelpPage", "WebApiHelpPage\WebApiHelpPage.csproj", "{812EB637-A2B9-4262-BCD5-91B3AF14093E}"
EndProject
Project("{2150E333-8FDC-42A3-9474-1A3956D46DE8}") = "WebApi", "WebApi", "{29B51ACF-EE38-4CAA-9F99-B0FAC6DE07A6}"
EndProject
Project("{2150E333-8FDC-42A3-9474-1A3956D46DE8}") = "Asp.net MVC", "Asp.net MVC", "{C7671179-A4D5-4EC6-B899-C3D246D4A5C8}"
EndProject
Project("{2150E333-8FDC-42A3-9474-1A3956D46DE8}") = "Console", "Console", "{95EF301C-46AC-497D-8316-5A371CA27A01}"
EndProject
Project("{2150E333-8FDC-42A3-9474-1A3956D46DE8}") = "Winform", "Winform", "{2AEEBC72-8D4F-46C5-B837-E22E080F03F5}"
EndProject
Project("{FAE04EC0-301F-11D3-BF4B-00C04F79EFBC}") = "Async", "Async\Async.csproj", "{213070BA-7371-48A0-892F-3292D1A031BB}"
EndProject
Project("{FAE04EC0-301F-11D3-BF4B-00C04F79EFBC}") = "Enum", "Enum\Enum.csproj", "{8441C79F-E985-40B4-B6B1-379FB56851CD}"
EndProject
Project("{FAE04EC0-301F-11D3-BF4B-00C04F79EFBC}") = "YeildReturn", "YeildReturn\YeildReturn.csproj", "{148BEFD3-D972-4855-92F7-3E2C27141DD2}"
EndProject
Project("{FAE04EC0-301F-11D3-BF4B-00C04F79EFBC}") = "Interop", "Interop\Interop.csproj", "{2F0598D8-66B1-4F92-B902-43764B16CC9E}"
EndProject
Project("{FAE04EC0-301F-11D3-BF4B-00C04F79EFBC}") = "Tuples", "Tuples\Tuples.csproj", "{944A5304-438E-4186-A8E2-65A39F937880}"
EndProject
Project("{FAE04EC0-301F-11D3-BF4B-00C04F79EFBC}") = "Authority", "Authority\Authority.csproj", "{991D218A-2D9D-48E4-90D9-4FC290F0CFD1}"
EndProject
Project("{FAE04EC0-301F-11D3-BF4B-00C04F79EFBC}") = "Model", "Model\Model.csproj", "{1C5589F1-2401-44E9-BC9D-43472EE9C60C}"
EndProject
Project("{FAE04EC0-301F-11D3-BF4B-00C04F79EFBC}") = "Thread", "Thread\Thread.csproj", "{1CA6A13E-FED3-47C3-A6F2-CF0124EFBD3D}"
EndProject
Project("{FAE04EC0-301F-11D3-BF4B-00C04F79EFBC}") = "FileCopy", "FileCopy\FileCopy.csproj", "{14C1FDDD-396A-429C-B6E9-5FB18A700802}"
EndProject
Project("{FAE04EC0-301F-11D3-BF4B-00C04F79EFBC}") = "Dic", "Dic\Dic.csproj", "{C9877BBE-450B-41B8-AA6D-516386D75ABF}"
EndProject
Project("{FAE04EC0-301F-11D3-BF4B-00C04F79EFBC}") = "Async2", "Async2\Async2.csproj", "{A317EE41-5776-4B3F-B4CD-F3D6784B8E64}"
EndProject
Project("{FAE04EC0-301F-11D3-BF4B-00C04F79EFBC}") = "TestDispose", "TestDispose\TestDispose.csproj", "{BA06703C-3250-4C0A-94B7-67708067AF03}"
EndProject
Project("{2150E333-8FDC-42A3-9474-1A3956D46DE8}") = "CSharp", "CSharp", "{A0513099-36D2-4F82-84EB-2E4564C3AA35}"
EndProject
Project("{2150E333-8FDC-42A3-9474-1A3956D46DE8}") = "C++", "C++", "{4F2BF85C-4013-4137-88CC-39932B753B2F}"
EndProject
Project("{2150E333-8FDC-42A3-9474-1A3956D46DE8}") = "C", "C", "{28AABDE6-1371-4428-8D19-6D0E87659E89}"
EndProject
Project("{2150E333-8FDC-42A3-9474-1A3956D46DE8}") = "Console", "Console", "{9AF8DED8-969B-4302-ACCB-9EA5FFC2E159}"
EndProject
Project("{8BC9CEB8-8B4A-11D0-8D11-00A0C91BC942}") = "Point", "Point\Point.vcxproj", "{F8039F37-7FD1-4555-AB20-BAC5CE50EA81}"
EndProject
Project("{2150E333-8FDC-42A3-9474-1A3956D46DE8}") = "WPF", "WPF", "{3BFAA72F-22D9-4427-995C-64D9D41D3502}"
EndProject
Project("{FAE04EC0-301F-11D3-BF4B-00C04F79EFBC}") = "Datagrid", "Datagrid\Datagrid.csproj", "{E9AE272C-594D-42C2-8A8D-FA343A68BC99}"
EndProject
Project("{FAE04EC0-301F-11D3-BF4B-00C04F79EFBC}") = "Abstract", "Abstract\Abstract.csproj", "{0288704D-CA0F-4C48-AE99-DD8B18003322}"
EndProject
Project("{FAE04EC0-301F-11D3-BF4B-00C04F79EFBC}") = "Test", "Test\Test.csproj", "{FDB54507-F64F-4B94-9F20-05C0E1045A71}"
EndProject
Project("{FAE04EC0-301F-11D3-BF4B-00C04F79EFBC}") = "Delegate", "Delegate\Delegate.csproj", "{C25C85EC-F1AD-4509-9A36-293C1863E199}"
EndProject
Project("{FAE04EC0-301F-11D3-BF4B-00C04F79EFBC}") = "DelegateToValue", "DelegateToValue\DelegateToValue.csproj", "{F9721085-EEFD-477F-A462-FD6A7D407E28}"
EndProject
Project("{8BC9CEB8-8B4A-11D0-8D11-00A0C91BC942}") = "ChangeValue", "ChangeValue\ChangeValue.vcxproj", "{E5C0FFA8-111B-4108-9027-B99D9A656055}"
EndProject
Project("{FAE04EC0-301F-11D3-BF4B-00C04F79EFBC}") = "EventDemo", "EventDemo\EventDemo.csproj", "{3CAF6F07-B6DC-495E-9EBC-376349ED178B}"
EndProject
Project("{FAE04EC0-301F-11D3-BF4B-00C04F79EFBC}") = "TestLock", "TestLock\TestLock.csproj", "{AE4B9C82-4565-4BC1-951A-0E8CA74B1B8F}"
EndProject
Project("{FAE04EC0-301F-11D3-BF4B-00C04F79EFBC}") = "StringBuilderRef", "StringBuilderRef\StringBuilderRef.csproj", "{7FCA6937-45C8-4B80-9BAF-8950610A6C8E}"
EndProject
Project("{FAE04EC0-301F-11D3-BF4B-00C04F79EFBC}") = "AipSdkTest", "AipSdkTest\AipSdkTest.csproj", "{D5BA3D49-0EF3-459D-A1DF-C8279634ED80}"
EndProject
Project("{FAE04EC0-301F-11D3-BF4B-00C04F79EFBC}") = "FindChildren", "FindChildren\FindChildren.csproj", "{6CF6685C-953D-4EFF-9D7E-C47C6BDB8C82}"
EndProject
Project("{FAE04EC0-301F-11D3-BF4B-00C04F79EFBC}") = "ExpressionTree", "ExpressionTree\ExpressionTree.csproj", "{AA92CE65-CB31-4052-B620-107BC1CA88E3}"
EndProject
Project("{FAE04EC0-301F-11D3-BF4B-00C04F79EFBC}") = "OOPTest", "OOPTest\OOPTest.csproj", "{9D6E7F48-5472-4451-A065-4854ED70F623}"
EndProject
Project("{FAE04EC0-301F-11D3-BF4B-00C04F79EFBC}") = "IEnumberFilter", "IEnumberFilter\IEnumberFilter.csproj", "{31786BB7-29FE-4D27-91C8-3491830F38A2}"
EndProject
Project("{FAE04EC0-301F-11D3-BF4B-00C04F79EFBC}") = "ICompareDemo", "ICompareDemo\ICompareDemo.csproj", "{B00C2996-719A-424E-A1CE-17601073C7C9}"
EndProject
Project("{FAE04EC0-301F-11D3-BF4B-00C04F79EFBC}") = "TouchScreen", "TouchScreen\TouchScreen.csproj", "{F1AB9A6D-6E65-452C-9097-411BC6A14896}"
EndProject
Project("{FAE04EC0-301F-11D3-BF4B-00C04F79EFBC}") = "JsonExpection", "JsonExpection\JsonExpection.csproj", "{99555218-B064-4A1A-8A82-9321CBDF99B2}"
EndProject
Project("{FAE04EC0-301F-11D3-BF4B-00C04F79EFBC}") = "WebServer", "WebServer\WebServer.csproj", "{D8F8345A-53D7-4684-A199-8254E78DB92F}"
EndProject
Project("{FAE04EC0-301F-11D3-BF4B-00C04F79EFBC}") = "Server", "Server\Server.csproj", "{C71F1D82-CCD1-4894-B3AA-2EF2A948E1E2}"
EndProject
Project("{FAE04EC0-301F-11D3-BF4B-00C04F79EFBC}") = "FullScreen", "FullScreen\FullScreen.csproj", "{E83BEA5E-7E94-4231-A1F5-6949D6D524E7}"
EndProject
Project("{FAE04EC0-301F-11D3-BF4B-00C04F79EFBC}") = "CallBack", "CallBack\CallBack.csproj", "{2FAD9E75-787D-427F-8494-14ADAFE54DBE}"
EndProject
Project("{FAE04EC0-301F-11D3-BF4B-00C04F79EFBC}") = "AnalysisMessage", "AnalysisMessage\AnalysisMessage.csproj", "{FA21BC3D-4F77-4821-96B0-4633B7AE8ECE}"
EndProject
Project("{FAE04EC0-301F-11D3-BF4B-00C04F79EFBC}") = "BaiDuApi", "BaiDuApi\BaiDuApi.csproj", "{91BEC0AA-9471-4020-8C0B-0BEBEE9924CC}"
EndProject
Project("{FAE04EC0-301F-11D3-BF4B-00C04F79EFBC}") = "StatisticsDate", "StatisticsDate\StatisticsDate.csproj", "{26B97AF0-886A-4F59-B891-1AF58C887B72}"
EndProject
Project("{FAE04EC0-301F-11D3-BF4B-00C04F79EFBC}") = "TryCatchFinally", "TruCatchFinally\TryCatchFinally.csproj", "{FAB60801-827C-4ABE-9B56-4458789D87EE}"
EndProject
Project("{FAE04EC0-301F-11D3-BF4B-00C04F79EFBC}") = "WebSite", "WebSite\WebSite.csproj", "{D38EBE59-116E-4E48-A112-FF2F40B59794}"
EndProject
Project("{FAE04EC0-301F-11D3-BF4B-00C04F79EFBC}") = "BlockingCollectionTest", "BlockingCollectionTest\BlockingCollectionTest.csproj", "{FAAD5B85-5FBA-4DAF-820F-906C3F36497A}"
EndProject
Project("{FAE04EC0-301F-11D3-BF4B-00C04F79EFBC}") = "AntiForgeryToken", "AntiForgeryToken\AntiForgeryToken.csproj", "{EDD2E3AF-24FA-40A8-9849-A6C74E370EE8}"
EndProject
Project("{FAE04EC0-301F-11D3-BF4B-00C04F79EFBC}") = "EFDemo", "EFDemo\EFDemo.csproj", "{6B407AAF-567B-479B-A4A2-E8F34D18163C}"
EndProject
Project("{8BC9CEB8-8B4A-11D0-8D11-00A0C91BC942}") = "First", "First\First.vcxproj", "{0ABF5C46-105A-4259-8645-3DB222C602E1}"
EndProject
Project("{8BC9CEB8-8B4A-11D0-8D11-00A0C91BC942}") = "FirstC++", "FirstC++\FirstC++.vcxproj", "{53162EA0-C32C-42CC-8D34-4E1BEB31382E}"
EndProject
Project("{8BC9CEB8-8B4A-11D0-8D11-00A0C91BC942}") = "TwoFunc", "TwoFunc\TwoFunc.vcxproj", "{D9785FD4-252F-4E11-BB81-FFC199BF5073}"
EndProject
Project("{8BC9CEB8-8B4A-11D0-8D11-00A0C91BC942}") = "Platinum", "PlatiNum\PlatiNum.vcxproj", "{65180196-8414-4DEE-B19E-35B57D343995}"
EndProject
Project("{2150E333-8FDC-42A3-9474-1A3956D46DE8}") = "Asp.net core MVC", "Asp.net core MVC", "{4E1D1B21-0E5C-4BFE-8688-FBC3D1EB2C42}"
EndProject
Project("{9A19103F-16F7-4668-BE54-9A1E7A4F7556}") = "MvcMovie", "MvcMovie\MvcMovie.csproj", "{92FE1526-BBE3-4A2D-8B4A-B8307CA95ABC}"
EndProject
Project("{8BC9CEB8-8B4A-11D0-8D11-00A0C91BC942}") = "StaticDemo", "StaticDemo\StaticDemo.vcxproj", "{EC3F2125-46A9-465A-B968-39836B935CFD}"
EndProject
Project("{8BC9CEB8-8B4A-11D0-8D11-00A0C91BC942}") = "Rand", "Rand\Rand.vcxproj", "{0B6E0392-EFE4-4F45-A06F-3E8370434B21}"
EndProject
Project("{2150E333-8FDC-42A3-9474-1A3956D46DE8}") = "Asp.net", "Asp.net", "{125626BF-FDDD-4440-89A5-9245CADB022B}"
EndProject
Project("{9A19103F-16F7-4668-BE54-9A1E7A4F7556}") = "Hello", "Hello\Hello.csproj", "{7E6E199F-AC2D-4A1A-819E-0A1D960415F7}"
EndProject
Project("{FAE04EC0-301F-11D3-BF4B-00C04F79EFBC}") = "IEnumerDemo", "IEnumberDemo\IEnumerDemo.csproj", "{374527BF-0F96-4ED4-AD8B-55161C76AC3C}"
EndProject
Project("{FAE04EC0-301F-11D3-BF4B-00C04F79EFBC}") = "LoveMe", "LoveMe\LoveMe.csproj", "{D65DA447-8291-4C60-9458-D01CC4907E5D}"
EndProject
Project("{FAE04EC0-301F-11D3-BF4B-00C04F79EFBC}") = "Covariant", "Covariant\Covariant.csproj", "{6ED54874-D874-495C-BE73-3FF0B0C1D0D6}"
EndProject
Project("{9A19103F-16F7-4668-BE54-9A1E7A4F7556}") = "HelloWord", "HelloWord\HelloWord.csproj", "{CB1C21DB-2BBA-439A-8024-C9222772601B}"
EndProject
Project("{FAE04EC0-301F-11D3-BF4B-00C04F79EFBC}") = "Allocate", "Allocate\Allocate.csproj", "{E4B6AB58-9DC1-427F-8FD6-7A136A34C854}"
EndProject
Project("{2150E333-8FDC-42A3-9474-1A3956D46DE8}") = "html", "html", "{A905226D-7FDD-4F8F-8F97-3BF7EF44949F}"
	ProjectSection(SolutionItems) = preProject
		C:\Users\Benny Liu\Desktop\Random.html = C:\Users\Benny Liu\Desktop\Random.html
	EndProjectSection
EndProject
Project("{2150E333-8FDC-42A3-9474-1A3956D46DE8}") = ".net core", ".net core", "{B46F0F94-5D09-4029-979D-08F6E09FFE0D}"
EndProject
Project("{9A19103F-16F7-4668-BE54-9A1E7A4F7556}") = "ML.Flower", "ML.Demo1\ML.Flower.csproj", "{9B951ABC-BCB5-44BB-8E5C-A384FA6BA006}"
EndProject
Project("{FAE04EC0-301F-11D3-BF4B-00C04F79EFBC}") = "RedisDemo", "RedisDemo\RedisDemo.csproj", "{73583A4D-91BB-4999-B5D5-58AAFBCDDBD2}"
EndProject
Project("{FAE04EC0-301F-11D3-BF4B-00C04F79EFBC}") = "GetCRC32", "GetCRC32\GetCRC32.csproj", "{5907B253-E304-4F6A-8FF7-B22CF9B9D564}"
EndProject
Project("{FAE04EC0-301F-11D3-BF4B-00C04F79EFBC}") = "RabbitMQSend", "RabbitMQSend\RabbitMQSend.csproj", "{95621C9A-7D80-4713-AC1E-ADF85056E0C3}"
EndProject
Project("{FAE04EC0-301F-11D3-BF4B-00C04F79EFBC}") = "RabbitMQReceive", "RabbitMQReceive\RabbitMQReceive.csproj", "{71287F4C-3669-463C-AF99-EF5830E510D0}"
EndProject
Project("{FAE04EC0-301F-11D3-BF4B-00C04F79EFBC}") = "MongoDBDemo", "MongoDBDemo\MongoDBDemo.csproj", "{44959E5E-940C-4B68-9A8D-0A4351D62BAC}"
EndProject
Project("{FAE04EC0-301F-11D3-BF4B-00C04F79EFBC}") = "DBFirst", "DBFirst\DBFirst.csproj", "{D0D3E69E-717F-4043-8DD9-E6C9059CD40E}"
EndProject
Project("{FAE04EC0-301F-11D3-BF4B-00C04F79EFBC}") = "InterfaceDemo", "InterfaceDemo\InterfaceDemo.csproj", "{05FE0B2B-C181-4E1B-93EF-FE990C14DB53}"
EndProject
Project("{FAE04EC0-301F-11D3-BF4B-00C04F79EFBC}") = "Algorithm", "Algorithm\Algorithm.csproj", "{208EAC71-6AEE-4A3F-92F8-5EA1E8888345}"
EndProject
Project("{9A19103F-16F7-4668-BE54-9A1E7A4F7556}") = "HttpContext.Current", "HttpContext.Current\HttpContext.Current.csproj", "{8F643801-94BE-4E17-8547-DE66148D0567}"
EndProject
Project("{9A19103F-16F7-4668-BE54-9A1E7A4F7556}") = "netcoreCommon", "netcoreCommon\netcoreCommon.csproj", "{69A1D4B9-60FA-4920-AB28-4F785DAA87EE}"
EndProject
Project("{9A19103F-16F7-4668-BE54-9A1E7A4F7556}") = "netcoreRespository", "netcoreRespository\netcoreRespository.csproj", "{82BE5A58-C736-4102-8D8F-39D515637695}"
EndProject
Project("{FAE04EC0-301F-11D3-BF4B-00C04F79EFBC}") = "SelfControl", "SelfControl\SelfControl.csproj", "{B384D1FE-B84E-4F08-B94A-FE70D2A1685E}"
EndProject
Project("{FAE04EC0-301F-11D3-BF4B-00C04F79EFBC}") = "AsyncTryCatch", "AsyncTryCatch\AsyncTryCatch.csproj", "{4DC99F83-7961-4355-B9DD-9085682B1569}"
EndProject
Project("{FAE04EC0-301F-11D3-BF4B-00C04F79EFBC}") = "Photo", "Photo\Photo.csproj", "{EC31DE70-AABF-4866-92B5-00C4A8DB04DC}"
EndProject
Project("{FAE04EC0-301F-11D3-BF4B-00C04F79EFBC}") = "ForeGroundThread", "ForeGroundThread\ForeGroundThread.csproj", "{66BC9F1D-D8B5-4B45-B41C-775D5121741C}"
EndProject
Project("{8BC9CEB8-8B4A-11D0-8D11-00A0C91BC942}") = "CPPDemo", "CPPDemo\CPPDemo.vcxproj", "{B1683853-1B60-45DD-B718-D7FC36B9F3E5}"
EndProject
Project("{8BC9CEB8-8B4A-11D0-8D11-00A0C91BC942}") = "StaticLib1", "StaticLib1\StaticLib1.vcxproj", "{F7FEF7D4-D7C8-40C7-B2FB-A68F43FF0552}"
EndProject
Project("{2150E333-8FDC-42A3-9474-1A3956D46DE8}") = "CPrimerPlus", "CPrimerPlus", "{63AC2321-51D0-4916-8C5F-2B182B5EAFFB}"
EndProject
Project("{8BC9CEB8-8B4A-11D0-8D11-00A0C91BC942}") = "CFirst", "CFirst\CFirst.vcxproj", "{6F496E9C-A5F9-4320-A156-CF9B4450AE56}"
EndProject
Project("{8BC9CEB8-8B4A-11D0-8D11-00A0C91BC942}") = "Dll1", "Dll1\Dll1.vcxproj", "{5144F90E-E4A5-4918-AD90-F8A03CC69BB6}"
EndProject
Project("{FAE04EC0-301F-11D3-BF4B-00C04F79EFBC}") = "SeleniumConsole", "SeleniumConsole\SeleniumConsole.csproj", "{789369BA-B420-42B2-8D96-3CE7CC0AC21C}"
EndProject
Project("{FAE04EC0-301F-11D3-BF4B-00C04F79EFBC}") = "AutoFac", "AutoFac\AutoFac.csproj", "{60EFBDD6-008C-4540-A89C-16A8F8E22600}"
EndProject
Project("{2150E333-8FDC-42A3-9474-1A3956D46DE8}") = "LeetCode", "LeetCode", "{9075799A-4C57-4535-9B5A-044031700E24}"
EndProject
Project("{FAE04EC0-301F-11D3-BF4B-00C04F79EFBC}") = "1、TwoSum", "1、TwoSum\1、TwoSum.csproj", "{0948A443-B8F8-4B3F-918D-5D743CDC97CE}"
EndProject
Global
	GlobalSection(SolutionConfigurationPlatforms) = preSolution
		Debug|Any CPU = Debug|Any CPU
		Debug|x64 = Debug|x64
		Debug|x86 = Debug|x86
		Release|Any CPU = Release|Any CPU
		Release|x64 = Release|x64
		Release|x86 = Release|x86
	EndGlobalSection
	GlobalSection(ProjectConfigurationPlatforms) = postSolution
		{F0C8CA97-3F3E-492A-8CB3-E45AA6A32DFF}.Debug|Any CPU.ActiveCfg = Debug|Any CPU
		{F0C8CA97-3F3E-492A-8CB3-E45AA6A32DFF}.Debug|Any CPU.Build.0 = Debug|Any CPU
		{F0C8CA97-3F3E-492A-8CB3-E45AA6A32DFF}.Debug|x64.ActiveCfg = Debug|Any CPU
		{F0C8CA97-3F3E-492A-8CB3-E45AA6A32DFF}.Debug|x64.Build.0 = Debug|Any CPU
		{F0C8CA97-3F3E-492A-8CB3-E45AA6A32DFF}.Debug|x86.ActiveCfg = Debug|Any CPU
		{F0C8CA97-3F3E-492A-8CB3-E45AA6A32DFF}.Debug|x86.Build.0 = Debug|Any CPU
		{F0C8CA97-3F3E-492A-8CB3-E45AA6A32DFF}.Release|Any CPU.ActiveCfg = Release|Any CPU
		{F0C8CA97-3F3E-492A-8CB3-E45AA6A32DFF}.Release|Any CPU.Build.0 = Release|Any CPU
		{F0C8CA97-3F3E-492A-8CB3-E45AA6A32DFF}.Release|x64.ActiveCfg = Release|Any CPU
		{F0C8CA97-3F3E-492A-8CB3-E45AA6A32DFF}.Release|x64.Build.0 = Release|Any CPU
		{F0C8CA97-3F3E-492A-8CB3-E45AA6A32DFF}.Release|x86.ActiveCfg = Release|Any CPU
		{F0C8CA97-3F3E-492A-8CB3-E45AA6A32DFF}.Release|x86.Build.0 = Release|Any CPU
		{07A2F29B-B982-4656-86B0-4C1F736870BB}.Debug|Any CPU.ActiveCfg = Debug|Any CPU
		{07A2F29B-B982-4656-86B0-4C1F736870BB}.Debug|Any CPU.Build.0 = Debug|Any CPU
		{07A2F29B-B982-4656-86B0-4C1F736870BB}.Debug|x64.ActiveCfg = Debug|Any CPU
		{07A2F29B-B982-4656-86B0-4C1F736870BB}.Debug|x64.Build.0 = Debug|Any CPU
		{07A2F29B-B982-4656-86B0-4C1F736870BB}.Debug|x86.ActiveCfg = Debug|Any CPU
		{07A2F29B-B982-4656-86B0-4C1F736870BB}.Debug|x86.Build.0 = Debug|Any CPU
		{07A2F29B-B982-4656-86B0-4C1F736870BB}.Release|Any CPU.ActiveCfg = Release|Any CPU
		{07A2F29B-B982-4656-86B0-4C1F736870BB}.Release|Any CPU.Build.0 = Release|Any CPU
		{07A2F29B-B982-4656-86B0-4C1F736870BB}.Release|x64.ActiveCfg = Release|Any CPU
		{07A2F29B-B982-4656-86B0-4C1F736870BB}.Release|x64.Build.0 = Release|Any CPU
		{07A2F29B-B982-4656-86B0-4C1F736870BB}.Release|x86.ActiveCfg = Release|Any CPU
		{07A2F29B-B982-4656-86B0-4C1F736870BB}.Release|x86.Build.0 = Release|Any CPU
		{812EB637-A2B9-4262-BCD5-91B3AF14093E}.Debug|Any CPU.ActiveCfg = Debug|Any CPU
		{812EB637-A2B9-4262-BCD5-91B3AF14093E}.Debug|Any CPU.Build.0 = Debug|Any CPU
		{812EB637-A2B9-4262-BCD5-91B3AF14093E}.Debug|x64.ActiveCfg = Debug|Any CPU
		{812EB637-A2B9-4262-BCD5-91B3AF14093E}.Debug|x64.Build.0 = Debug|Any CPU
		{812EB637-A2B9-4262-BCD5-91B3AF14093E}.Debug|x86.ActiveCfg = Debug|Any CPU
		{812EB637-A2B9-4262-BCD5-91B3AF14093E}.Debug|x86.Build.0 = Debug|Any CPU
		{812EB637-A2B9-4262-BCD5-91B3AF14093E}.Release|Any CPU.ActiveCfg = Release|Any CPU
		{812EB637-A2B9-4262-BCD5-91B3AF14093E}.Release|Any CPU.Build.0 = Release|Any CPU
		{812EB637-A2B9-4262-BCD5-91B3AF14093E}.Release|x64.ActiveCfg = Release|Any CPU
		{812EB637-A2B9-4262-BCD5-91B3AF14093E}.Release|x64.Build.0 = Release|Any CPU
		{812EB637-A2B9-4262-BCD5-91B3AF14093E}.Release|x86.ActiveCfg = Release|Any CPU
		{812EB637-A2B9-4262-BCD5-91B3AF14093E}.Release|x86.Build.0 = Release|Any CPU
		{213070BA-7371-48A0-892F-3292D1A031BB}.Debug|Any CPU.ActiveCfg = Debug|Any CPU
		{213070BA-7371-48A0-892F-3292D1A031BB}.Debug|Any CPU.Build.0 = Debug|Any CPU
		{213070BA-7371-48A0-892F-3292D1A031BB}.Debug|x64.ActiveCfg = Debug|Any CPU
		{213070BA-7371-48A0-892F-3292D1A031BB}.Debug|x64.Build.0 = Debug|Any CPU
		{213070BA-7371-48A0-892F-3292D1A031BB}.Debug|x86.ActiveCfg = Debug|Any CPU
		{213070BA-7371-48A0-892F-3292D1A031BB}.Debug|x86.Build.0 = Debug|Any CPU
		{213070BA-7371-48A0-892F-3292D1A031BB}.Release|Any CPU.ActiveCfg = Release|Any CPU
		{213070BA-7371-48A0-892F-3292D1A031BB}.Release|Any CPU.Build.0 = Release|Any CPU
		{213070BA-7371-48A0-892F-3292D1A031BB}.Release|x64.ActiveCfg = Release|Any CPU
		{213070BA-7371-48A0-892F-3292D1A031BB}.Release|x64.Build.0 = Release|Any CPU
		{213070BA-7371-48A0-892F-3292D1A031BB}.Release|x86.ActiveCfg = Release|Any CPU
		{213070BA-7371-48A0-892F-3292D1A031BB}.Release|x86.Build.0 = Release|Any CPU
		{8441C79F-E985-40B4-B6B1-379FB56851CD}.Debug|Any CPU.ActiveCfg = Debug|Any CPU
		{8441C79F-E985-40B4-B6B1-379FB56851CD}.Debug|Any CPU.Build.0 = Debug|Any CPU
		{8441C79F-E985-40B4-B6B1-379FB56851CD}.Debug|x64.ActiveCfg = Debug|Any CPU
		{8441C79F-E985-40B4-B6B1-379FB56851CD}.Debug|x64.Build.0 = Debug|Any CPU
		{8441C79F-E985-40B4-B6B1-379FB56851CD}.Debug|x86.ActiveCfg = Debug|Any CPU
		{8441C79F-E985-40B4-B6B1-379FB56851CD}.Debug|x86.Build.0 = Debug|Any CPU
		{8441C79F-E985-40B4-B6B1-379FB56851CD}.Release|Any CPU.ActiveCfg = Release|Any CPU
		{8441C79F-E985-40B4-B6B1-379FB56851CD}.Release|Any CPU.Build.0 = Release|Any CPU
		{8441C79F-E985-40B4-B6B1-379FB56851CD}.Release|x64.ActiveCfg = Release|Any CPU
		{8441C79F-E985-40B4-B6B1-379FB56851CD}.Release|x64.Build.0 = Release|Any CPU
		{8441C79F-E985-40B4-B6B1-379FB56851CD}.Release|x86.ActiveCfg = Release|Any CPU
		{8441C79F-E985-40B4-B6B1-379FB56851CD}.Release|x86.Build.0 = Release|Any CPU
		{148BEFD3-D972-4855-92F7-3E2C27141DD2}.Debug|Any CPU.ActiveCfg = Debug|Any CPU
		{148BEFD3-D972-4855-92F7-3E2C27141DD2}.Debug|Any CPU.Build.0 = Debug|Any CPU
		{148BEFD3-D972-4855-92F7-3E2C27141DD2}.Debug|x64.ActiveCfg = Debug|Any CPU
		{148BEFD3-D972-4855-92F7-3E2C27141DD2}.Debug|x64.Build.0 = Debug|Any CPU
		{148BEFD3-D972-4855-92F7-3E2C27141DD2}.Debug|x86.ActiveCfg = Debug|Any CPU
		{148BEFD3-D972-4855-92F7-3E2C27141DD2}.Debug|x86.Build.0 = Debug|Any CPU
		{148BEFD3-D972-4855-92F7-3E2C27141DD2}.Release|Any CPU.ActiveCfg = Release|Any CPU
		{148BEFD3-D972-4855-92F7-3E2C27141DD2}.Release|Any CPU.Build.0 = Release|Any CPU
		{148BEFD3-D972-4855-92F7-3E2C27141DD2}.Release|x64.ActiveCfg = Release|Any CPU
		{148BEFD3-D972-4855-92F7-3E2C27141DD2}.Release|x64.Build.0 = Release|Any CPU
		{148BEFD3-D972-4855-92F7-3E2C27141DD2}.Release|x86.ActiveCfg = Release|Any CPU
		{148BEFD3-D972-4855-92F7-3E2C27141DD2}.Release|x86.Build.0 = Release|Any CPU
		{2F0598D8-66B1-4F92-B902-43764B16CC9E}.Debug|Any CPU.ActiveCfg = Debug|Any CPU
		{2F0598D8-66B1-4F92-B902-43764B16CC9E}.Debug|Any CPU.Build.0 = Debug|Any CPU
		{2F0598D8-66B1-4F92-B902-43764B16CC9E}.Debug|x64.ActiveCfg = Debug|Any CPU
		{2F0598D8-66B1-4F92-B902-43764B16CC9E}.Debug|x64.Build.0 = Debug|Any CPU
		{2F0598D8-66B1-4F92-B902-43764B16CC9E}.Debug|x86.ActiveCfg = Debug|Any CPU
		{2F0598D8-66B1-4F92-B902-43764B16CC9E}.Debug|x86.Build.0 = Debug|Any CPU
		{2F0598D8-66B1-4F92-B902-43764B16CC9E}.Release|Any CPU.ActiveCfg = Release|Any CPU
		{2F0598D8-66B1-4F92-B902-43764B16CC9E}.Release|Any CPU.Build.0 = Release|Any CPU
		{2F0598D8-66B1-4F92-B902-43764B16CC9E}.Release|x64.ActiveCfg = Release|Any CPU
		{2F0598D8-66B1-4F92-B902-43764B16CC9E}.Release|x64.Build.0 = Release|Any CPU
		{2F0598D8-66B1-4F92-B902-43764B16CC9E}.Release|x86.ActiveCfg = Release|Any CPU
		{2F0598D8-66B1-4F92-B902-43764B16CC9E}.Release|x86.Build.0 = Release|Any CPU
		{944A5304-438E-4186-A8E2-65A39F937880}.Debug|Any CPU.ActiveCfg = Debug|Any CPU
		{944A5304-438E-4186-A8E2-65A39F937880}.Debug|Any CPU.Build.0 = Debug|Any CPU
		{944A5304-438E-4186-A8E2-65A39F937880}.Debug|x64.ActiveCfg = Debug|Any CPU
		{944A5304-438E-4186-A8E2-65A39F937880}.Debug|x64.Build.0 = Debug|Any CPU
		{944A5304-438E-4186-A8E2-65A39F937880}.Debug|x86.ActiveCfg = Debug|Any CPU
		{944A5304-438E-4186-A8E2-65A39F937880}.Debug|x86.Build.0 = Debug|Any CPU
		{944A5304-438E-4186-A8E2-65A39F937880}.Release|Any CPU.ActiveCfg = Release|Any CPU
		{944A5304-438E-4186-A8E2-65A39F937880}.Release|Any CPU.Build.0 = Release|Any CPU
		{944A5304-438E-4186-A8E2-65A39F937880}.Release|x64.ActiveCfg = Release|Any CPU
		{944A5304-438E-4186-A8E2-65A39F937880}.Release|x64.Build.0 = Release|Any CPU
		{944A5304-438E-4186-A8E2-65A39F937880}.Release|x86.ActiveCfg = Release|Any CPU
		{944A5304-438E-4186-A8E2-65A39F937880}.Release|x86.Build.0 = Release|Any CPU
		{991D218A-2D9D-48E4-90D9-4FC290F0CFD1}.Debug|Any CPU.ActiveCfg = Debug|Any CPU
		{991D218A-2D9D-48E4-90D9-4FC290F0CFD1}.Debug|Any CPU.Build.0 = Debug|Any CPU
		{991D218A-2D9D-48E4-90D9-4FC290F0CFD1}.Debug|x64.ActiveCfg = Debug|Any CPU
		{991D218A-2D9D-48E4-90D9-4FC290F0CFD1}.Debug|x64.Build.0 = Debug|Any CPU
		{991D218A-2D9D-48E4-90D9-4FC290F0CFD1}.Debug|x86.ActiveCfg = Debug|Any CPU
		{991D218A-2D9D-48E4-90D9-4FC290F0CFD1}.Debug|x86.Build.0 = Debug|Any CPU
		{991D218A-2D9D-48E4-90D9-4FC290F0CFD1}.Release|Any CPU.ActiveCfg = Release|Any CPU
		{991D218A-2D9D-48E4-90D9-4FC290F0CFD1}.Release|Any CPU.Build.0 = Release|Any CPU
		{991D218A-2D9D-48E4-90D9-4FC290F0CFD1}.Release|x64.ActiveCfg = Release|Any CPU
		{991D218A-2D9D-48E4-90D9-4FC290F0CFD1}.Release|x64.Build.0 = Release|Any CPU
		{991D218A-2D9D-48E4-90D9-4FC290F0CFD1}.Release|x86.ActiveCfg = Release|Any CPU
		{991D218A-2D9D-48E4-90D9-4FC290F0CFD1}.Release|x86.Build.0 = Release|Any CPU
		{1C5589F1-2401-44E9-BC9D-43472EE9C60C}.Debug|Any CPU.ActiveCfg = Debug|Any CPU
		{1C5589F1-2401-44E9-BC9D-43472EE9C60C}.Debug|Any CPU.Build.0 = Debug|Any CPU
		{1C5589F1-2401-44E9-BC9D-43472EE9C60C}.Debug|x64.ActiveCfg = Debug|Any CPU
		{1C5589F1-2401-44E9-BC9D-43472EE9C60C}.Debug|x64.Build.0 = Debug|Any CPU
		{1C5589F1-2401-44E9-BC9D-43472EE9C60C}.Debug|x86.ActiveCfg = Debug|Any CPU
		{1C5589F1-2401-44E9-BC9D-43472EE9C60C}.Debug|x86.Build.0 = Debug|Any CPU
		{1C5589F1-2401-44E9-BC9D-43472EE9C60C}.Release|Any CPU.ActiveCfg = Release|Any CPU
		{1C5589F1-2401-44E9-BC9D-43472EE9C60C}.Release|Any CPU.Build.0 = Release|Any CPU
		{1C5589F1-2401-44E9-BC9D-43472EE9C60C}.Release|x64.ActiveCfg = Release|Any CPU
		{1C5589F1-2401-44E9-BC9D-43472EE9C60C}.Release|x64.Build.0 = Release|Any CPU
		{1C5589F1-2401-44E9-BC9D-43472EE9C60C}.Release|x86.ActiveCfg = Release|Any CPU
		{1C5589F1-2401-44E9-BC9D-43472EE9C60C}.Release|x86.Build.0 = Release|Any CPU
		{1CA6A13E-FED3-47C3-A6F2-CF0124EFBD3D}.Debug|Any CPU.ActiveCfg = Debug|Any CPU
		{1CA6A13E-FED3-47C3-A6F2-CF0124EFBD3D}.Debug|Any CPU.Build.0 = Debug|Any CPU
		{1CA6A13E-FED3-47C3-A6F2-CF0124EFBD3D}.Debug|x64.ActiveCfg = Debug|Any CPU
		{1CA6A13E-FED3-47C3-A6F2-CF0124EFBD3D}.Debug|x64.Build.0 = Debug|Any CPU
		{1CA6A13E-FED3-47C3-A6F2-CF0124EFBD3D}.Debug|x86.ActiveCfg = Debug|Any CPU
		{1CA6A13E-FED3-47C3-A6F2-CF0124EFBD3D}.Debug|x86.Build.0 = Debug|Any CPU
		{1CA6A13E-FED3-47C3-A6F2-CF0124EFBD3D}.Release|Any CPU.ActiveCfg = Release|Any CPU
		{1CA6A13E-FED3-47C3-A6F2-CF0124EFBD3D}.Release|Any CPU.Build.0 = Release|Any CPU
		{1CA6A13E-FED3-47C3-A6F2-CF0124EFBD3D}.Release|x64.ActiveCfg = Release|Any CPU
		{1CA6A13E-FED3-47C3-A6F2-CF0124EFBD3D}.Release|x64.Build.0 = Release|Any CPU
		{1CA6A13E-FED3-47C3-A6F2-CF0124EFBD3D}.Release|x86.ActiveCfg = Release|Any CPU
		{1CA6A13E-FED3-47C3-A6F2-CF0124EFBD3D}.Release|x86.Build.0 = Release|Any CPU
		{14C1FDDD-396A-429C-B6E9-5FB18A700802}.Debug|Any CPU.ActiveCfg = Debug|Any CPU
		{14C1FDDD-396A-429C-B6E9-5FB18A700802}.Debug|Any CPU.Build.0 = Debug|Any CPU
		{14C1FDDD-396A-429C-B6E9-5FB18A700802}.Debug|x64.ActiveCfg = Debug|Any CPU
		{14C1FDDD-396A-429C-B6E9-5FB18A700802}.Debug|x64.Build.0 = Debug|Any CPU
		{14C1FDDD-396A-429C-B6E9-5FB18A700802}.Debug|x86.ActiveCfg = Debug|Any CPU
		{14C1FDDD-396A-429C-B6E9-5FB18A700802}.Debug|x86.Build.0 = Debug|Any CPU
		{14C1FDDD-396A-429C-B6E9-5FB18A700802}.Release|Any CPU.ActiveCfg = Release|Any CPU
		{14C1FDDD-396A-429C-B6E9-5FB18A700802}.Release|Any CPU.Build.0 = Release|Any CPU
		{14C1FDDD-396A-429C-B6E9-5FB18A700802}.Release|x64.ActiveCfg = Release|Any CPU
		{14C1FDDD-396A-429C-B6E9-5FB18A700802}.Release|x64.Build.0 = Release|Any CPU
		{14C1FDDD-396A-429C-B6E9-5FB18A700802}.Release|x86.ActiveCfg = Release|Any CPU
		{14C1FDDD-396A-429C-B6E9-5FB18A700802}.Release|x86.Build.0 = Release|Any CPU
		{C9877BBE-450B-41B8-AA6D-516386D75ABF}.Debug|Any CPU.ActiveCfg = Debug|Any CPU
		{C9877BBE-450B-41B8-AA6D-516386D75ABF}.Debug|Any CPU.Build.0 = Debug|Any CPU
		{C9877BBE-450B-41B8-AA6D-516386D75ABF}.Debug|x64.ActiveCfg = Debug|Any CPU
		{C9877BBE-450B-41B8-AA6D-516386D75ABF}.Debug|x64.Build.0 = Debug|Any CPU
		{C9877BBE-450B-41B8-AA6D-516386D75ABF}.Debug|x86.ActiveCfg = Debug|Any CPU
		{C9877BBE-450B-41B8-AA6D-516386D75ABF}.Debug|x86.Build.0 = Debug|Any CPU
		{C9877BBE-450B-41B8-AA6D-516386D75ABF}.Release|Any CPU.ActiveCfg = Release|Any CPU
		{C9877BBE-450B-41B8-AA6D-516386D75ABF}.Release|Any CPU.Build.0 = Release|Any CPU
		{C9877BBE-450B-41B8-AA6D-516386D75ABF}.Release|x64.ActiveCfg = Release|Any CPU
		{C9877BBE-450B-41B8-AA6D-516386D75ABF}.Release|x64.Build.0 = Release|Any CPU
		{C9877BBE-450B-41B8-AA6D-516386D75ABF}.Release|x86.ActiveCfg = Release|Any CPU
		{C9877BBE-450B-41B8-AA6D-516386D75ABF}.Release|x86.Build.0 = Release|Any CPU
		{A317EE41-5776-4B3F-B4CD-F3D6784B8E64}.Debug|Any CPU.ActiveCfg = Debug|Any CPU
		{A317EE41-5776-4B3F-B4CD-F3D6784B8E64}.Debug|Any CPU.Build.0 = Debug|Any CPU
		{A317EE41-5776-4B3F-B4CD-F3D6784B8E64}.Debug|x64.ActiveCfg = Debug|Any CPU
		{A317EE41-5776-4B3F-B4CD-F3D6784B8E64}.Debug|x64.Build.0 = Debug|Any CPU
		{A317EE41-5776-4B3F-B4CD-F3D6784B8E64}.Debug|x86.ActiveCfg = Debug|Any CPU
		{A317EE41-5776-4B3F-B4CD-F3D6784B8E64}.Debug|x86.Build.0 = Debug|Any CPU
		{A317EE41-5776-4B3F-B4CD-F3D6784B8E64}.Release|Any CPU.ActiveCfg = Release|Any CPU
		{A317EE41-5776-4B3F-B4CD-F3D6784B8E64}.Release|Any CPU.Build.0 = Release|Any CPU
		{A317EE41-5776-4B3F-B4CD-F3D6784B8E64}.Release|x64.ActiveCfg = Release|Any CPU
		{A317EE41-5776-4B3F-B4CD-F3D6784B8E64}.Release|x64.Build.0 = Release|Any CPU
		{A317EE41-5776-4B3F-B4CD-F3D6784B8E64}.Release|x86.ActiveCfg = Release|Any CPU
		{A317EE41-5776-4B3F-B4CD-F3D6784B8E64}.Release|x86.Build.0 = Release|Any CPU
		{BA06703C-3250-4C0A-94B7-67708067AF03}.Debug|Any CPU.ActiveCfg = Debug|Any CPU
		{BA06703C-3250-4C0A-94B7-67708067AF03}.Debug|Any CPU.Build.0 = Debug|Any CPU
		{BA06703C-3250-4C0A-94B7-67708067AF03}.Debug|x64.ActiveCfg = Debug|Any CPU
		{BA06703C-3250-4C0A-94B7-67708067AF03}.Debug|x64.Build.0 = Debug|Any CPU
		{BA06703C-3250-4C0A-94B7-67708067AF03}.Debug|x86.ActiveCfg = Debug|Any CPU
		{BA06703C-3250-4C0A-94B7-67708067AF03}.Debug|x86.Build.0 = Debug|Any CPU
		{BA06703C-3250-4C0A-94B7-67708067AF03}.Release|Any CPU.ActiveCfg = Release|Any CPU
		{BA06703C-3250-4C0A-94B7-67708067AF03}.Release|Any CPU.Build.0 = Release|Any CPU
		{BA06703C-3250-4C0A-94B7-67708067AF03}.Release|x64.ActiveCfg = Release|Any CPU
		{BA06703C-3250-4C0A-94B7-67708067AF03}.Release|x64.Build.0 = Release|Any CPU
		{BA06703C-3250-4C0A-94B7-67708067AF03}.Release|x86.ActiveCfg = Release|Any CPU
		{BA06703C-3250-4C0A-94B7-67708067AF03}.Release|x86.Build.0 = Release|Any CPU
		{F8039F37-7FD1-4555-AB20-BAC5CE50EA81}.Debug|Any CPU.ActiveCfg = Debug|Win32
		{F8039F37-7FD1-4555-AB20-BAC5CE50EA81}.Debug|x64.ActiveCfg = Debug|x64
		{F8039F37-7FD1-4555-AB20-BAC5CE50EA81}.Debug|x64.Build.0 = Debug|x64
		{F8039F37-7FD1-4555-AB20-BAC5CE50EA81}.Debug|x86.ActiveCfg = Debug|Win32
		{F8039F37-7FD1-4555-AB20-BAC5CE50EA81}.Debug|x86.Build.0 = Debug|Win32
		{F8039F37-7FD1-4555-AB20-BAC5CE50EA81}.Release|Any CPU.ActiveCfg = Release|Win32
		{F8039F37-7FD1-4555-AB20-BAC5CE50EA81}.Release|x64.ActiveCfg = Release|x64
		{F8039F37-7FD1-4555-AB20-BAC5CE50EA81}.Release|x64.Build.0 = Release|x64
		{F8039F37-7FD1-4555-AB20-BAC5CE50EA81}.Release|x86.ActiveCfg = Release|Win32
		{F8039F37-7FD1-4555-AB20-BAC5CE50EA81}.Release|x86.Build.0 = Release|Win32
		{E9AE272C-594D-42C2-8A8D-FA343A68BC99}.Debug|Any CPU.ActiveCfg = Debug|Any CPU
		{E9AE272C-594D-42C2-8A8D-FA343A68BC99}.Debug|Any CPU.Build.0 = Debug|Any CPU
		{E9AE272C-594D-42C2-8A8D-FA343A68BC99}.Debug|x64.ActiveCfg = Debug|Any CPU
		{E9AE272C-594D-42C2-8A8D-FA343A68BC99}.Debug|x64.Build.0 = Debug|Any CPU
		{E9AE272C-594D-42C2-8A8D-FA343A68BC99}.Debug|x86.ActiveCfg = Debug|Any CPU
		{E9AE272C-594D-42C2-8A8D-FA343A68BC99}.Debug|x86.Build.0 = Debug|Any CPU
		{E9AE272C-594D-42C2-8A8D-FA343A68BC99}.Release|Any CPU.ActiveCfg = Release|Any CPU
		{E9AE272C-594D-42C2-8A8D-FA343A68BC99}.Release|Any CPU.Build.0 = Release|Any CPU
		{E9AE272C-594D-42C2-8A8D-FA343A68BC99}.Release|x64.ActiveCfg = Release|Any CPU
		{E9AE272C-594D-42C2-8A8D-FA343A68BC99}.Release|x64.Build.0 = Release|Any CPU
		{E9AE272C-594D-42C2-8A8D-FA343A68BC99}.Release|x86.ActiveCfg = Release|Any CPU
		{E9AE272C-594D-42C2-8A8D-FA343A68BC99}.Release|x86.Build.0 = Release|Any CPU
		{0288704D-CA0F-4C48-AE99-DD8B18003322}.Debug|Any CPU.ActiveCfg = Debug|Any CPU
		{0288704D-CA0F-4C48-AE99-DD8B18003322}.Debug|Any CPU.Build.0 = Debug|Any CPU
		{0288704D-CA0F-4C48-AE99-DD8B18003322}.Debug|x64.ActiveCfg = Debug|Any CPU
		{0288704D-CA0F-4C48-AE99-DD8B18003322}.Debug|x64.Build.0 = Debug|Any CPU
		{0288704D-CA0F-4C48-AE99-DD8B18003322}.Debug|x86.ActiveCfg = Debug|Any CPU
		{0288704D-CA0F-4C48-AE99-DD8B18003322}.Debug|x86.Build.0 = Debug|Any CPU
		{0288704D-CA0F-4C48-AE99-DD8B18003322}.Release|Any CPU.ActiveCfg = Release|Any CPU
		{0288704D-CA0F-4C48-AE99-DD8B18003322}.Release|Any CPU.Build.0 = Release|Any CPU
		{0288704D-CA0F-4C48-AE99-DD8B18003322}.Release|x64.ActiveCfg = Release|Any CPU
		{0288704D-CA0F-4C48-AE99-DD8B18003322}.Release|x64.Build.0 = Release|Any CPU
		{0288704D-CA0F-4C48-AE99-DD8B18003322}.Release|x86.ActiveCfg = Release|Any CPU
		{0288704D-CA0F-4C48-AE99-DD8B18003322}.Release|x86.Build.0 = Release|Any CPU
		{FDB54507-F64F-4B94-9F20-05C0E1045A71}.Debug|Any CPU.ActiveCfg = Debug|Any CPU
		{FDB54507-F64F-4B94-9F20-05C0E1045A71}.Debug|Any CPU.Build.0 = Debug|Any CPU
		{FDB54507-F64F-4B94-9F20-05C0E1045A71}.Debug|x64.ActiveCfg = Debug|Any CPU
		{FDB54507-F64F-4B94-9F20-05C0E1045A71}.Debug|x64.Build.0 = Debug|Any CPU
		{FDB54507-F64F-4B94-9F20-05C0E1045A71}.Debug|x86.ActiveCfg = Debug|Any CPU
		{FDB54507-F64F-4B94-9F20-05C0E1045A71}.Debug|x86.Build.0 = Debug|Any CPU
		{FDB54507-F64F-4B94-9F20-05C0E1045A71}.Release|Any CPU.ActiveCfg = Release|Any CPU
		{FDB54507-F64F-4B94-9F20-05C0E1045A71}.Release|Any CPU.Build.0 = Release|Any CPU
		{FDB54507-F64F-4B94-9F20-05C0E1045A71}.Release|x64.ActiveCfg = Release|Any CPU
		{FDB54507-F64F-4B94-9F20-05C0E1045A71}.Release|x64.Build.0 = Release|Any CPU
		{FDB54507-F64F-4B94-9F20-05C0E1045A71}.Release|x86.ActiveCfg = Release|Any CPU
		{FDB54507-F64F-4B94-9F20-05C0E1045A71}.Release|x86.Build.0 = Release|Any CPU
		{C25C85EC-F1AD-4509-9A36-293C1863E199}.Debug|Any CPU.ActiveCfg = Debug|Any CPU
		{C25C85EC-F1AD-4509-9A36-293C1863E199}.Debug|Any CPU.Build.0 = Debug|Any CPU
		{C25C85EC-F1AD-4509-9A36-293C1863E199}.Debug|x64.ActiveCfg = Debug|Any CPU
		{C25C85EC-F1AD-4509-9A36-293C1863E199}.Debug|x64.Build.0 = Debug|Any CPU
		{C25C85EC-F1AD-4509-9A36-293C1863E199}.Debug|x86.ActiveCfg = Debug|Any CPU
		{C25C85EC-F1AD-4509-9A36-293C1863E199}.Debug|x86.Build.0 = Debug|Any CPU
		{C25C85EC-F1AD-4509-9A36-293C1863E199}.Release|Any CPU.ActiveCfg = Release|Any CPU
		{C25C85EC-F1AD-4509-9A36-293C1863E199}.Release|Any CPU.Build.0 = Release|Any CPU
		{C25C85EC-F1AD-4509-9A36-293C1863E199}.Release|x64.ActiveCfg = Release|Any CPU
		{C25C85EC-F1AD-4509-9A36-293C1863E199}.Release|x64.Build.0 = Release|Any CPU
		{C25C85EC-F1AD-4509-9A36-293C1863E199}.Release|x86.ActiveCfg = Release|Any CPU
		{C25C85EC-F1AD-4509-9A36-293C1863E199}.Release|x86.Build.0 = Release|Any CPU
		{F9721085-EEFD-477F-A462-FD6A7D407E28}.Debug|Any CPU.ActiveCfg = Debug|Any CPU
		{F9721085-EEFD-477F-A462-FD6A7D407E28}.Debug|Any CPU.Build.0 = Debug|Any CPU
		{F9721085-EEFD-477F-A462-FD6A7D407E28}.Debug|x64.ActiveCfg = Debug|Any CPU
		{F9721085-EEFD-477F-A462-FD6A7D407E28}.Debug|x64.Build.0 = Debug|Any CPU
		{F9721085-EEFD-477F-A462-FD6A7D407E28}.Debug|x86.ActiveCfg = Debug|Any CPU
		{F9721085-EEFD-477F-A462-FD6A7D407E28}.Debug|x86.Build.0 = Debug|Any CPU
		{F9721085-EEFD-477F-A462-FD6A7D407E28}.Release|Any CPU.ActiveCfg = Release|Any CPU
		{F9721085-EEFD-477F-A462-FD6A7D407E28}.Release|Any CPU.Build.0 = Release|Any CPU
		{F9721085-EEFD-477F-A462-FD6A7D407E28}.Release|x64.ActiveCfg = Release|Any CPU
		{F9721085-EEFD-477F-A462-FD6A7D407E28}.Release|x64.Build.0 = Release|Any CPU
		{F9721085-EEFD-477F-A462-FD6A7D407E28}.Release|x86.ActiveCfg = Release|Any CPU
		{F9721085-EEFD-477F-A462-FD6A7D407E28}.Release|x86.Build.0 = Release|Any CPU
		{E5C0FFA8-111B-4108-9027-B99D9A656055}.Debug|Any CPU.ActiveCfg = Debug|Win32
		{E5C0FFA8-111B-4108-9027-B99D9A656055}.Debug|x64.ActiveCfg = Debug|x64
		{E5C0FFA8-111B-4108-9027-B99D9A656055}.Debug|x64.Build.0 = Debug|x64
		{E5C0FFA8-111B-4108-9027-B99D9A656055}.Debug|x86.ActiveCfg = Debug|Win32
		{E5C0FFA8-111B-4108-9027-B99D9A656055}.Debug|x86.Build.0 = Debug|Win32
		{E5C0FFA8-111B-4108-9027-B99D9A656055}.Release|Any CPU.ActiveCfg = Release|Win32
		{E5C0FFA8-111B-4108-9027-B99D9A656055}.Release|x64.ActiveCfg = Release|x64
		{E5C0FFA8-111B-4108-9027-B99D9A656055}.Release|x64.Build.0 = Release|x64
		{E5C0FFA8-111B-4108-9027-B99D9A656055}.Release|x86.ActiveCfg = Release|Win32
		{E5C0FFA8-111B-4108-9027-B99D9A656055}.Release|x86.Build.0 = Release|Win32
		{3CAF6F07-B6DC-495E-9EBC-376349ED178B}.Debug|Any CPU.ActiveCfg = Debug|Any CPU
		{3CAF6F07-B6DC-495E-9EBC-376349ED178B}.Debug|Any CPU.Build.0 = Debug|Any CPU
		{3CAF6F07-B6DC-495E-9EBC-376349ED178B}.Debug|x64.ActiveCfg = Debug|Any CPU
		{3CAF6F07-B6DC-495E-9EBC-376349ED178B}.Debug|x64.Build.0 = Debug|Any CPU
		{3CAF6F07-B6DC-495E-9EBC-376349ED178B}.Debug|x86.ActiveCfg = Debug|Any CPU
		{3CAF6F07-B6DC-495E-9EBC-376349ED178B}.Debug|x86.Build.0 = Debug|Any CPU
		{3CAF6F07-B6DC-495E-9EBC-376349ED178B}.Release|Any CPU.ActiveCfg = Release|Any CPU
		{3CAF6F07-B6DC-495E-9EBC-376349ED178B}.Release|Any CPU.Build.0 = Release|Any CPU
		{3CAF6F07-B6DC-495E-9EBC-376349ED178B}.Release|x64.ActiveCfg = Release|Any CPU
		{3CAF6F07-B6DC-495E-9EBC-376349ED178B}.Release|x64.Build.0 = Release|Any CPU
		{3CAF6F07-B6DC-495E-9EBC-376349ED178B}.Release|x86.ActiveCfg = Release|Any CPU
		{3CAF6F07-B6DC-495E-9EBC-376349ED178B}.Release|x86.Build.0 = Release|Any CPU
		{AE4B9C82-4565-4BC1-951A-0E8CA74B1B8F}.Debug|Any CPU.ActiveCfg = Debug|Any CPU
		{AE4B9C82-4565-4BC1-951A-0E8CA74B1B8F}.Debug|Any CPU.Build.0 = Debug|Any CPU
		{AE4B9C82-4565-4BC1-951A-0E8CA74B1B8F}.Debug|x64.ActiveCfg = Debug|Any CPU
		{AE4B9C82-4565-4BC1-951A-0E8CA74B1B8F}.Debug|x64.Build.0 = Debug|Any CPU
		{AE4B9C82-4565-4BC1-951A-0E8CA74B1B8F}.Debug|x86.ActiveCfg = Debug|Any CPU
		{AE4B9C82-4565-4BC1-951A-0E8CA74B1B8F}.Debug|x86.Build.0 = Debug|Any CPU
		{AE4B9C82-4565-4BC1-951A-0E8CA74B1B8F}.Release|Any CPU.ActiveCfg = Release|Any CPU
		{AE4B9C82-4565-4BC1-951A-0E8CA74B1B8F}.Release|Any CPU.Build.0 = Release|Any CPU
		{AE4B9C82-4565-4BC1-951A-0E8CA74B1B8F}.Release|x64.ActiveCfg = Release|Any CPU
		{AE4B9C82-4565-4BC1-951A-0E8CA74B1B8F}.Release|x64.Build.0 = Release|Any CPU
		{AE4B9C82-4565-4BC1-951A-0E8CA74B1B8F}.Release|x86.ActiveCfg = Release|Any CPU
		{AE4B9C82-4565-4BC1-951A-0E8CA74B1B8F}.Release|x86.Build.0 = Release|Any CPU
		{7FCA6937-45C8-4B80-9BAF-8950610A6C8E}.Debug|Any CPU.ActiveCfg = Debug|Any CPU
		{7FCA6937-45C8-4B80-9BAF-8950610A6C8E}.Debug|Any CPU.Build.0 = Debug|Any CPU
		{7FCA6937-45C8-4B80-9BAF-8950610A6C8E}.Debug|x64.ActiveCfg = Debug|Any CPU
		{7FCA6937-45C8-4B80-9BAF-8950610A6C8E}.Debug|x64.Build.0 = Debug|Any CPU
		{7FCA6937-45C8-4B80-9BAF-8950610A6C8E}.Debug|x86.ActiveCfg = Debug|Any CPU
		{7FCA6937-45C8-4B80-9BAF-8950610A6C8E}.Debug|x86.Build.0 = Debug|Any CPU
		{7FCA6937-45C8-4B80-9BAF-8950610A6C8E}.Release|Any CPU.ActiveCfg = Release|Any CPU
		{7FCA6937-45C8-4B80-9BAF-8950610A6C8E}.Release|Any CPU.Build.0 = Release|Any CPU
		{7FCA6937-45C8-4B80-9BAF-8950610A6C8E}.Release|x64.ActiveCfg = Release|Any CPU
		{7FCA6937-45C8-4B80-9BAF-8950610A6C8E}.Release|x64.Build.0 = Release|Any CPU
		{7FCA6937-45C8-4B80-9BAF-8950610A6C8E}.Release|x86.ActiveCfg = Release|Any CPU
		{7FCA6937-45C8-4B80-9BAF-8950610A6C8E}.Release|x86.Build.0 = Release|Any CPU
		{D5BA3D49-0EF3-459D-A1DF-C8279634ED80}.Debug|Any CPU.ActiveCfg = Debug|Any CPU
		{D5BA3D49-0EF3-459D-A1DF-C8279634ED80}.Debug|Any CPU.Build.0 = Debug|Any CPU
		{D5BA3D49-0EF3-459D-A1DF-C8279634ED80}.Debug|x64.ActiveCfg = Debug|Any CPU
		{D5BA3D49-0EF3-459D-A1DF-C8279634ED80}.Debug|x64.Build.0 = Debug|Any CPU
		{D5BA3D49-0EF3-459D-A1DF-C8279634ED80}.Debug|x86.ActiveCfg = Debug|Any CPU
		{D5BA3D49-0EF3-459D-A1DF-C8279634ED80}.Debug|x86.Build.0 = Debug|Any CPU
		{D5BA3D49-0EF3-459D-A1DF-C8279634ED80}.Release|Any CPU.ActiveCfg = Release|Any CPU
		{D5BA3D49-0EF3-459D-A1DF-C8279634ED80}.Release|Any CPU.Build.0 = Release|Any CPU
		{D5BA3D49-0EF3-459D-A1DF-C8279634ED80}.Release|x64.ActiveCfg = Release|Any CPU
		{D5BA3D49-0EF3-459D-A1DF-C8279634ED80}.Release|x64.Build.0 = Release|Any CPU
		{D5BA3D49-0EF3-459D-A1DF-C8279634ED80}.Release|x86.ActiveCfg = Release|Any CPU
		{D5BA3D49-0EF3-459D-A1DF-C8279634ED80}.Release|x86.Build.0 = Release|Any CPU
		{6CF6685C-953D-4EFF-9D7E-C47C6BDB8C82}.Debug|Any CPU.ActiveCfg = Debug|Any CPU
		{6CF6685C-953D-4EFF-9D7E-C47C6BDB8C82}.Debug|Any CPU.Build.0 = Debug|Any CPU
		{6CF6685C-953D-4EFF-9D7E-C47C6BDB8C82}.Debug|x64.ActiveCfg = Debug|Any CPU
		{6CF6685C-953D-4EFF-9D7E-C47C6BDB8C82}.Debug|x64.Build.0 = Debug|Any CPU
		{6CF6685C-953D-4EFF-9D7E-C47C6BDB8C82}.Debug|x86.ActiveCfg = Debug|Any CPU
		{6CF6685C-953D-4EFF-9D7E-C47C6BDB8C82}.Debug|x86.Build.0 = Debug|Any CPU
		{6CF6685C-953D-4EFF-9D7E-C47C6BDB8C82}.Release|Any CPU.ActiveCfg = Release|Any CPU
		{6CF6685C-953D-4EFF-9D7E-C47C6BDB8C82}.Release|Any CPU.Build.0 = Release|Any CPU
		{6CF6685C-953D-4EFF-9D7E-C47C6BDB8C82}.Release|x64.ActiveCfg = Release|Any CPU
		{6CF6685C-953D-4EFF-9D7E-C47C6BDB8C82}.Release|x64.Build.0 = Release|Any CPU
		{6CF6685C-953D-4EFF-9D7E-C47C6BDB8C82}.Release|x86.ActiveCfg = Release|Any CPU
		{6CF6685C-953D-4EFF-9D7E-C47C6BDB8C82}.Release|x86.Build.0 = Release|Any CPU
		{AA92CE65-CB31-4052-B620-107BC1CA88E3}.Debug|Any CPU.ActiveCfg = Debug|Any CPU
		{AA92CE65-CB31-4052-B620-107BC1CA88E3}.Debug|Any CPU.Build.0 = Debug|Any CPU
		{AA92CE65-CB31-4052-B620-107BC1CA88E3}.Debug|x64.ActiveCfg = Debug|Any CPU
		{AA92CE65-CB31-4052-B620-107BC1CA88E3}.Debug|x64.Build.0 = Debug|Any CPU
		{AA92CE65-CB31-4052-B620-107BC1CA88E3}.Debug|x86.ActiveCfg = Debug|Any CPU
		{AA92CE65-CB31-4052-B620-107BC1CA88E3}.Debug|x86.Build.0 = Debug|Any CPU
		{AA92CE65-CB31-4052-B620-107BC1CA88E3}.Release|Any CPU.ActiveCfg = Release|Any CPU
		{AA92CE65-CB31-4052-B620-107BC1CA88E3}.Release|Any CPU.Build.0 = Release|Any CPU
		{AA92CE65-CB31-4052-B620-107BC1CA88E3}.Release|x64.ActiveCfg = Release|Any CPU
		{AA92CE65-CB31-4052-B620-107BC1CA88E3}.Release|x64.Build.0 = Release|Any CPU
		{AA92CE65-CB31-4052-B620-107BC1CA88E3}.Release|x86.ActiveCfg = Release|Any CPU
		{AA92CE65-CB31-4052-B620-107BC1CA88E3}.Release|x86.Build.0 = Release|Any CPU
		{9D6E7F48-5472-4451-A065-4854ED70F623}.Debug|Any CPU.ActiveCfg = Debug|Any CPU
		{9D6E7F48-5472-4451-A065-4854ED70F623}.Debug|Any CPU.Build.0 = Debug|Any CPU
		{9D6E7F48-5472-4451-A065-4854ED70F623}.Debug|x64.ActiveCfg = Debug|Any CPU
		{9D6E7F48-5472-4451-A065-4854ED70F623}.Debug|x64.Build.0 = Debug|Any CPU
		{9D6E7F48-5472-4451-A065-4854ED70F623}.Debug|x86.ActiveCfg = Debug|Any CPU
		{9D6E7F48-5472-4451-A065-4854ED70F623}.Debug|x86.Build.0 = Debug|Any CPU
		{9D6E7F48-5472-4451-A065-4854ED70F623}.Release|Any CPU.ActiveCfg = Release|Any CPU
		{9D6E7F48-5472-4451-A065-4854ED70F623}.Release|Any CPU.Build.0 = Release|Any CPU
		{9D6E7F48-5472-4451-A065-4854ED70F623}.Release|x64.ActiveCfg = Release|Any CPU
		{9D6E7F48-5472-4451-A065-4854ED70F623}.Release|x64.Build.0 = Release|Any CPU
		{9D6E7F48-5472-4451-A065-4854ED70F623}.Release|x86.ActiveCfg = Release|Any CPU
		{9D6E7F48-5472-4451-A065-4854ED70F623}.Release|x86.Build.0 = Release|Any CPU
		{31786BB7-29FE-4D27-91C8-3491830F38A2}.Debug|Any CPU.ActiveCfg = Debug|Any CPU
		{31786BB7-29FE-4D27-91C8-3491830F38A2}.Debug|Any CPU.Build.0 = Debug|Any CPU
		{31786BB7-29FE-4D27-91C8-3491830F38A2}.Debug|x64.ActiveCfg = Debug|Any CPU
		{31786BB7-29FE-4D27-91C8-3491830F38A2}.Debug|x64.Build.0 = Debug|Any CPU
		{31786BB7-29FE-4D27-91C8-3491830F38A2}.Debug|x86.ActiveCfg = Debug|Any CPU
		{31786BB7-29FE-4D27-91C8-3491830F38A2}.Debug|x86.Build.0 = Debug|Any CPU
		{31786BB7-29FE-4D27-91C8-3491830F38A2}.Release|Any CPU.ActiveCfg = Release|Any CPU
		{31786BB7-29FE-4D27-91C8-3491830F38A2}.Release|Any CPU.Build.0 = Release|Any CPU
		{31786BB7-29FE-4D27-91C8-3491830F38A2}.Release|x64.ActiveCfg = Release|Any CPU
		{31786BB7-29FE-4D27-91C8-3491830F38A2}.Release|x64.Build.0 = Release|Any CPU
		{31786BB7-29FE-4D27-91C8-3491830F38A2}.Release|x86.ActiveCfg = Release|Any CPU
		{31786BB7-29FE-4D27-91C8-3491830F38A2}.Release|x86.Build.0 = Release|Any CPU
		{B00C2996-719A-424E-A1CE-17601073C7C9}.Debug|Any CPU.ActiveCfg = Debug|Any CPU
		{B00C2996-719A-424E-A1CE-17601073C7C9}.Debug|Any CPU.Build.0 = Debug|Any CPU
		{B00C2996-719A-424E-A1CE-17601073C7C9}.Debug|x64.ActiveCfg = Debug|Any CPU
		{B00C2996-719A-424E-A1CE-17601073C7C9}.Debug|x64.Build.0 = Debug|Any CPU
		{B00C2996-719A-424E-A1CE-17601073C7C9}.Debug|x86.ActiveCfg = Debug|Any CPU
		{B00C2996-719A-424E-A1CE-17601073C7C9}.Debug|x86.Build.0 = Debug|Any CPU
		{B00C2996-719A-424E-A1CE-17601073C7C9}.Release|Any CPU.ActiveCfg = Release|Any CPU
		{B00C2996-719A-424E-A1CE-17601073C7C9}.Release|Any CPU.Build.0 = Release|Any CPU
		{B00C2996-719A-424E-A1CE-17601073C7C9}.Release|x64.ActiveCfg = Release|Any CPU
		{B00C2996-719A-424E-A1CE-17601073C7C9}.Release|x64.Build.0 = Release|Any CPU
		{B00C2996-719A-424E-A1CE-17601073C7C9}.Release|x86.ActiveCfg = Release|Any CPU
		{B00C2996-719A-424E-A1CE-17601073C7C9}.Release|x86.Build.0 = Release|Any CPU
		{F1AB9A6D-6E65-452C-9097-411BC6A14896}.Debug|Any CPU.ActiveCfg = Debug|Any CPU
		{F1AB9A6D-6E65-452C-9097-411BC6A14896}.Debug|Any CPU.Build.0 = Debug|Any CPU
		{F1AB9A6D-6E65-452C-9097-411BC6A14896}.Debug|x64.ActiveCfg = Debug|Any CPU
		{F1AB9A6D-6E65-452C-9097-411BC6A14896}.Debug|x64.Build.0 = Debug|Any CPU
		{F1AB9A6D-6E65-452C-9097-411BC6A14896}.Debug|x86.ActiveCfg = Debug|Any CPU
		{F1AB9A6D-6E65-452C-9097-411BC6A14896}.Debug|x86.Build.0 = Debug|Any CPU
		{F1AB9A6D-6E65-452C-9097-411BC6A14896}.Release|Any CPU.ActiveCfg = Release|Any CPU
		{F1AB9A6D-6E65-452C-9097-411BC6A14896}.Release|Any CPU.Build.0 = Release|Any CPU
		{F1AB9A6D-6E65-452C-9097-411BC6A14896}.Release|x64.ActiveCfg = Release|Any CPU
		{F1AB9A6D-6E65-452C-9097-411BC6A14896}.Release|x64.Build.0 = Release|Any CPU
		{F1AB9A6D-6E65-452C-9097-411BC6A14896}.Release|x86.ActiveCfg = Release|Any CPU
		{F1AB9A6D-6E65-452C-9097-411BC6A14896}.Release|x86.Build.0 = Release|Any CPU
		{99555218-B064-4A1A-8A82-9321CBDF99B2}.Debug|Any CPU.ActiveCfg = Debug|Any CPU
		{99555218-B064-4A1A-8A82-9321CBDF99B2}.Debug|Any CPU.Build.0 = Debug|Any CPU
		{99555218-B064-4A1A-8A82-9321CBDF99B2}.Debug|x64.ActiveCfg = Debug|Any CPU
		{99555218-B064-4A1A-8A82-9321CBDF99B2}.Debug|x64.Build.0 = Debug|Any CPU
		{99555218-B064-4A1A-8A82-9321CBDF99B2}.Debug|x86.ActiveCfg = Debug|Any CPU
		{99555218-B064-4A1A-8A82-9321CBDF99B2}.Debug|x86.Build.0 = Debug|Any CPU
		{99555218-B064-4A1A-8A82-9321CBDF99B2}.Release|Any CPU.ActiveCfg = Release|Any CPU
		{99555218-B064-4A1A-8A82-9321CBDF99B2}.Release|Any CPU.Build.0 = Release|Any CPU
		{99555218-B064-4A1A-8A82-9321CBDF99B2}.Release|x64.ActiveCfg = Release|Any CPU
		{99555218-B064-4A1A-8A82-9321CBDF99B2}.Release|x64.Build.0 = Release|Any CPU
		{99555218-B064-4A1A-8A82-9321CBDF99B2}.Release|x86.ActiveCfg = Release|Any CPU
		{99555218-B064-4A1A-8A82-9321CBDF99B2}.Release|x86.Build.0 = Release|Any CPU
		{D8F8345A-53D7-4684-A199-8254E78DB92F}.Debug|Any CPU.ActiveCfg = Debug|Any CPU
		{D8F8345A-53D7-4684-A199-8254E78DB92F}.Debug|Any CPU.Build.0 = Debug|Any CPU
		{D8F8345A-53D7-4684-A199-8254E78DB92F}.Debug|x64.ActiveCfg = Debug|Any CPU
		{D8F8345A-53D7-4684-A199-8254E78DB92F}.Debug|x64.Build.0 = Debug|Any CPU
		{D8F8345A-53D7-4684-A199-8254E78DB92F}.Debug|x86.ActiveCfg = Debug|Any CPU
		{D8F8345A-53D7-4684-A199-8254E78DB92F}.Debug|x86.Build.0 = Debug|Any CPU
		{D8F8345A-53D7-4684-A199-8254E78DB92F}.Release|Any CPU.ActiveCfg = Release|Any CPU
		{D8F8345A-53D7-4684-A199-8254E78DB92F}.Release|Any CPU.Build.0 = Release|Any CPU
		{D8F8345A-53D7-4684-A199-8254E78DB92F}.Release|x64.ActiveCfg = Release|Any CPU
		{D8F8345A-53D7-4684-A199-8254E78DB92F}.Release|x64.Build.0 = Release|Any CPU
		{D8F8345A-53D7-4684-A199-8254E78DB92F}.Release|x86.ActiveCfg = Release|Any CPU
		{D8F8345A-53D7-4684-A199-8254E78DB92F}.Release|x86.Build.0 = Release|Any CPU
		{C71F1D82-CCD1-4894-B3AA-2EF2A948E1E2}.Debug|Any CPU.ActiveCfg = Debug|Any CPU
		{C71F1D82-CCD1-4894-B3AA-2EF2A948E1E2}.Debug|Any CPU.Build.0 = Debug|Any CPU
		{C71F1D82-CCD1-4894-B3AA-2EF2A948E1E2}.Debug|x64.ActiveCfg = Debug|Any CPU
		{C71F1D82-CCD1-4894-B3AA-2EF2A948E1E2}.Debug|x64.Build.0 = Debug|Any CPU
		{C71F1D82-CCD1-4894-B3AA-2EF2A948E1E2}.Debug|x86.ActiveCfg = Debug|Any CPU
		{C71F1D82-CCD1-4894-B3AA-2EF2A948E1E2}.Debug|x86.Build.0 = Debug|Any CPU
		{C71F1D82-CCD1-4894-B3AA-2EF2A948E1E2}.Release|Any CPU.ActiveCfg = Release|Any CPU
		{C71F1D82-CCD1-4894-B3AA-2EF2A948E1E2}.Release|Any CPU.Build.0 = Release|Any CPU
		{C71F1D82-CCD1-4894-B3AA-2EF2A948E1E2}.Release|x64.ActiveCfg = Release|Any CPU
		{C71F1D82-CCD1-4894-B3AA-2EF2A948E1E2}.Release|x64.Build.0 = Release|Any CPU
		{C71F1D82-CCD1-4894-B3AA-2EF2A948E1E2}.Release|x86.ActiveCfg = Release|Any CPU
		{C71F1D82-CCD1-4894-B3AA-2EF2A948E1E2}.Release|x86.Build.0 = Release|Any CPU
		{E83BEA5E-7E94-4231-A1F5-6949D6D524E7}.Debug|Any CPU.ActiveCfg = Debug|Any CPU
		{E83BEA5E-7E94-4231-A1F5-6949D6D524E7}.Debug|Any CPU.Build.0 = Debug|Any CPU
		{E83BEA5E-7E94-4231-A1F5-6949D6D524E7}.Debug|x64.ActiveCfg = Debug|Any CPU
		{E83BEA5E-7E94-4231-A1F5-6949D6D524E7}.Debug|x64.Build.0 = Debug|Any CPU
		{E83BEA5E-7E94-4231-A1F5-6949D6D524E7}.Debug|x86.ActiveCfg = Debug|Any CPU
		{E83BEA5E-7E94-4231-A1F5-6949D6D524E7}.Debug|x86.Build.0 = Debug|Any CPU
		{E83BEA5E-7E94-4231-A1F5-6949D6D524E7}.Release|Any CPU.ActiveCfg = Release|Any CPU
		{E83BEA5E-7E94-4231-A1F5-6949D6D524E7}.Release|Any CPU.Build.0 = Release|Any CPU
		{E83BEA5E-7E94-4231-A1F5-6949D6D524E7}.Release|x64.ActiveCfg = Release|Any CPU
		{E83BEA5E-7E94-4231-A1F5-6949D6D524E7}.Release|x64.Build.0 = Release|Any CPU
		{E83BEA5E-7E94-4231-A1F5-6949D6D524E7}.Release|x86.ActiveCfg = Release|Any CPU
		{E83BEA5E-7E94-4231-A1F5-6949D6D524E7}.Release|x86.Build.0 = Release|Any CPU
		{2FAD9E75-787D-427F-8494-14ADAFE54DBE}.Debug|Any CPU.ActiveCfg = Debug|Any CPU
		{2FAD9E75-787D-427F-8494-14ADAFE54DBE}.Debug|Any CPU.Build.0 = Debug|Any CPU
		{2FAD9E75-787D-427F-8494-14ADAFE54DBE}.Debug|x64.ActiveCfg = Debug|Any CPU
		{2FAD9E75-787D-427F-8494-14ADAFE54DBE}.Debug|x64.Build.0 = Debug|Any CPU
		{2FAD9E75-787D-427F-8494-14ADAFE54DBE}.Debug|x86.ActiveCfg = Debug|Any CPU
		{2FAD9E75-787D-427F-8494-14ADAFE54DBE}.Debug|x86.Build.0 = Debug|Any CPU
		{2FAD9E75-787D-427F-8494-14ADAFE54DBE}.Release|Any CPU.ActiveCfg = Release|Any CPU
		{2FAD9E75-787D-427F-8494-14ADAFE54DBE}.Release|Any CPU.Build.0 = Release|Any CPU
		{2FAD9E75-787D-427F-8494-14ADAFE54DBE}.Release|x64.ActiveCfg = Release|Any CPU
		{2FAD9E75-787D-427F-8494-14ADAFE54DBE}.Release|x64.Build.0 = Release|Any CPU
		{2FAD9E75-787D-427F-8494-14ADAFE54DBE}.Release|x86.ActiveCfg = Release|Any CPU
		{2FAD9E75-787D-427F-8494-14ADAFE54DBE}.Release|x86.Build.0 = Release|Any CPU
		{FA21BC3D-4F77-4821-96B0-4633B7AE8ECE}.Debug|Any CPU.ActiveCfg = Debug|Any CPU
		{FA21BC3D-4F77-4821-96B0-4633B7AE8ECE}.Debug|Any CPU.Build.0 = Debug|Any CPU
		{FA21BC3D-4F77-4821-96B0-4633B7AE8ECE}.Debug|x64.ActiveCfg = Debug|Any CPU
		{FA21BC3D-4F77-4821-96B0-4633B7AE8ECE}.Debug|x64.Build.0 = Debug|Any CPU
		{FA21BC3D-4F77-4821-96B0-4633B7AE8ECE}.Debug|x86.ActiveCfg = Debug|Any CPU
		{FA21BC3D-4F77-4821-96B0-4633B7AE8ECE}.Debug|x86.Build.0 = Debug|Any CPU
		{FA21BC3D-4F77-4821-96B0-4633B7AE8ECE}.Release|Any CPU.ActiveCfg = Release|Any CPU
		{FA21BC3D-4F77-4821-96B0-4633B7AE8ECE}.Release|Any CPU.Build.0 = Release|Any CPU
		{FA21BC3D-4F77-4821-96B0-4633B7AE8ECE}.Release|x64.ActiveCfg = Release|Any CPU
		{FA21BC3D-4F77-4821-96B0-4633B7AE8ECE}.Release|x64.Build.0 = Release|Any CPU
		{FA21BC3D-4F77-4821-96B0-4633B7AE8ECE}.Release|x86.ActiveCfg = Release|Any CPU
		{FA21BC3D-4F77-4821-96B0-4633B7AE8ECE}.Release|x86.Build.0 = Release|Any CPU
		{91BEC0AA-9471-4020-8C0B-0BEBEE9924CC}.Debug|Any CPU.ActiveCfg = Debug|Any CPU
		{91BEC0AA-9471-4020-8C0B-0BEBEE9924CC}.Debug|Any CPU.Build.0 = Debug|Any CPU
		{91BEC0AA-9471-4020-8C0B-0BEBEE9924CC}.Debug|x64.ActiveCfg = Debug|Any CPU
		{91BEC0AA-9471-4020-8C0B-0BEBEE9924CC}.Debug|x64.Build.0 = Debug|Any CPU
		{91BEC0AA-9471-4020-8C0B-0BEBEE9924CC}.Debug|x86.ActiveCfg = Debug|Any CPU
		{91BEC0AA-9471-4020-8C0B-0BEBEE9924CC}.Debug|x86.Build.0 = Debug|Any CPU
		{91BEC0AA-9471-4020-8C0B-0BEBEE9924CC}.Release|Any CPU.ActiveCfg = Release|Any CPU
		{91BEC0AA-9471-4020-8C0B-0BEBEE9924CC}.Release|Any CPU.Build.0 = Release|Any CPU
		{91BEC0AA-9471-4020-8C0B-0BEBEE9924CC}.Release|x64.ActiveCfg = Release|Any CPU
		{91BEC0AA-9471-4020-8C0B-0BEBEE9924CC}.Release|x64.Build.0 = Release|Any CPU
		{91BEC0AA-9471-4020-8C0B-0BEBEE9924CC}.Release|x86.ActiveCfg = Release|Any CPU
		{91BEC0AA-9471-4020-8C0B-0BEBEE9924CC}.Release|x86.Build.0 = Release|Any CPU
		{26B97AF0-886A-4F59-B891-1AF58C887B72}.Debug|Any CPU.ActiveCfg = Debug|Any CPU
		{26B97AF0-886A-4F59-B891-1AF58C887B72}.Debug|Any CPU.Build.0 = Debug|Any CPU
		{26B97AF0-886A-4F59-B891-1AF58C887B72}.Debug|x64.ActiveCfg = Debug|Any CPU
		{26B97AF0-886A-4F59-B891-1AF58C887B72}.Debug|x64.Build.0 = Debug|Any CPU
		{26B97AF0-886A-4F59-B891-1AF58C887B72}.Debug|x86.ActiveCfg = Debug|Any CPU
		{26B97AF0-886A-4F59-B891-1AF58C887B72}.Debug|x86.Build.0 = Debug|Any CPU
		{26B97AF0-886A-4F59-B891-1AF58C887B72}.Release|Any CPU.ActiveCfg = Release|Any CPU
		{26B97AF0-886A-4F59-B891-1AF58C887B72}.Release|Any CPU.Build.0 = Release|Any CPU
		{26B97AF0-886A-4F59-B891-1AF58C887B72}.Release|x64.ActiveCfg = Release|Any CPU
		{26B97AF0-886A-4F59-B891-1AF58C887B72}.Release|x64.Build.0 = Release|Any CPU
		{26B97AF0-886A-4F59-B891-1AF58C887B72}.Release|x86.ActiveCfg = Release|Any CPU
		{26B97AF0-886A-4F59-B891-1AF58C887B72}.Release|x86.Build.0 = Release|Any CPU
		{FAB60801-827C-4ABE-9B56-4458789D87EE}.Debug|Any CPU.ActiveCfg = Debug|Any CPU
		{FAB60801-827C-4ABE-9B56-4458789D87EE}.Debug|Any CPU.Build.0 = Debug|Any CPU
		{FAB60801-827C-4ABE-9B56-4458789D87EE}.Debug|x64.ActiveCfg = Debug|Any CPU
		{FAB60801-827C-4ABE-9B56-4458789D87EE}.Debug|x64.Build.0 = Debug|Any CPU
		{FAB60801-827C-4ABE-9B56-4458789D87EE}.Debug|x86.ActiveCfg = Debug|Any CPU
		{FAB60801-827C-4ABE-9B56-4458789D87EE}.Debug|x86.Build.0 = Debug|Any CPU
		{FAB60801-827C-4ABE-9B56-4458789D87EE}.Release|Any CPU.ActiveCfg = Release|Any CPU
		{FAB60801-827C-4ABE-9B56-4458789D87EE}.Release|Any CPU.Build.0 = Release|Any CPU
		{FAB60801-827C-4ABE-9B56-4458789D87EE}.Release|x64.ActiveCfg = Release|Any CPU
		{FAB60801-827C-4ABE-9B56-4458789D87EE}.Release|x64.Build.0 = Release|Any CPU
		{FAB60801-827C-4ABE-9B56-4458789D87EE}.Release|x86.ActiveCfg = Release|Any CPU
		{FAB60801-827C-4ABE-9B56-4458789D87EE}.Release|x86.Build.0 = Release|Any CPU
		{D38EBE59-116E-4E48-A112-FF2F40B59794}.Debug|Any CPU.ActiveCfg = Debug|Any CPU
		{D38EBE59-116E-4E48-A112-FF2F40B59794}.Debug|Any CPU.Build.0 = Debug|Any CPU
		{D38EBE59-116E-4E48-A112-FF2F40B59794}.Debug|x64.ActiveCfg = Debug|Any CPU
		{D38EBE59-116E-4E48-A112-FF2F40B59794}.Debug|x64.Build.0 = Debug|Any CPU
		{D38EBE59-116E-4E48-A112-FF2F40B59794}.Debug|x86.ActiveCfg = Debug|Any CPU
		{D38EBE59-116E-4E48-A112-FF2F40B59794}.Debug|x86.Build.0 = Debug|Any CPU
		{D38EBE59-116E-4E48-A112-FF2F40B59794}.Release|Any CPU.ActiveCfg = Release|Any CPU
		{D38EBE59-116E-4E48-A112-FF2F40B59794}.Release|Any CPU.Build.0 = Release|Any CPU
		{D38EBE59-116E-4E48-A112-FF2F40B59794}.Release|x64.ActiveCfg = Release|Any CPU
		{D38EBE59-116E-4E48-A112-FF2F40B59794}.Release|x64.Build.0 = Release|Any CPU
		{D38EBE59-116E-4E48-A112-FF2F40B59794}.Release|x86.ActiveCfg = Release|Any CPU
		{D38EBE59-116E-4E48-A112-FF2F40B59794}.Release|x86.Build.0 = Release|Any CPU
		{FAAD5B85-5FBA-4DAF-820F-906C3F36497A}.Debug|Any CPU.ActiveCfg = Debug|Any CPU
		{FAAD5B85-5FBA-4DAF-820F-906C3F36497A}.Debug|Any CPU.Build.0 = Debug|Any CPU
		{FAAD5B85-5FBA-4DAF-820F-906C3F36497A}.Debug|x64.ActiveCfg = Debug|Any CPU
		{FAAD5B85-5FBA-4DAF-820F-906C3F36497A}.Debug|x64.Build.0 = Debug|Any CPU
		{FAAD5B85-5FBA-4DAF-820F-906C3F36497A}.Debug|x86.ActiveCfg = Debug|Any CPU
		{FAAD5B85-5FBA-4DAF-820F-906C3F36497A}.Debug|x86.Build.0 = Debug|Any CPU
		{FAAD5B85-5FBA-4DAF-820F-906C3F36497A}.Release|Any CPU.ActiveCfg = Release|Any CPU
		{FAAD5B85-5FBA-4DAF-820F-906C3F36497A}.Release|Any CPU.Build.0 = Release|Any CPU
		{FAAD5B85-5FBA-4DAF-820F-906C3F36497A}.Release|x64.ActiveCfg = Release|Any CPU
		{FAAD5B85-5FBA-4DAF-820F-906C3F36497A}.Release|x64.Build.0 = Release|Any CPU
		{FAAD5B85-5FBA-4DAF-820F-906C3F36497A}.Release|x86.ActiveCfg = Release|Any CPU
		{FAAD5B85-5FBA-4DAF-820F-906C3F36497A}.Release|x86.Build.0 = Release|Any CPU
		{EDD2E3AF-24FA-40A8-9849-A6C74E370EE8}.Debug|Any CPU.ActiveCfg = Debug|Any CPU
		{EDD2E3AF-24FA-40A8-9849-A6C74E370EE8}.Debug|Any CPU.Build.0 = Debug|Any CPU
		{EDD2E3AF-24FA-40A8-9849-A6C74E370EE8}.Debug|x64.ActiveCfg = Debug|Any CPU
		{EDD2E3AF-24FA-40A8-9849-A6C74E370EE8}.Debug|x64.Build.0 = Debug|Any CPU
		{EDD2E3AF-24FA-40A8-9849-A6C74E370EE8}.Debug|x86.ActiveCfg = Debug|Any CPU
		{EDD2E3AF-24FA-40A8-9849-A6C74E370EE8}.Debug|x86.Build.0 = Debug|Any CPU
		{EDD2E3AF-24FA-40A8-9849-A6C74E370EE8}.Release|Any CPU.ActiveCfg = Release|Any CPU
		{EDD2E3AF-24FA-40A8-9849-A6C74E370EE8}.Release|Any CPU.Build.0 = Release|Any CPU
		{EDD2E3AF-24FA-40A8-9849-A6C74E370EE8}.Release|x64.ActiveCfg = Release|Any CPU
		{EDD2E3AF-24FA-40A8-9849-A6C74E370EE8}.Release|x64.Build.0 = Release|Any CPU
		{EDD2E3AF-24FA-40A8-9849-A6C74E370EE8}.Release|x86.ActiveCfg = Release|Any CPU
		{EDD2E3AF-24FA-40A8-9849-A6C74E370EE8}.Release|x86.Build.0 = Release|Any CPU
		{6B407AAF-567B-479B-A4A2-E8F34D18163C}.Debug|Any CPU.ActiveCfg = Debug|Any CPU
		{6B407AAF-567B-479B-A4A2-E8F34D18163C}.Debug|Any CPU.Build.0 = Debug|Any CPU
		{6B407AAF-567B-479B-A4A2-E8F34D18163C}.Debug|x64.ActiveCfg = Debug|Any CPU
		{6B407AAF-567B-479B-A4A2-E8F34D18163C}.Debug|x64.Build.0 = Debug|Any CPU
		{6B407AAF-567B-479B-A4A2-E8F34D18163C}.Debug|x86.ActiveCfg = Debug|Any CPU
		{6B407AAF-567B-479B-A4A2-E8F34D18163C}.Debug|x86.Build.0 = Debug|Any CPU
		{6B407AAF-567B-479B-A4A2-E8F34D18163C}.Release|Any CPU.ActiveCfg = Release|Any CPU
		{6B407AAF-567B-479B-A4A2-E8F34D18163C}.Release|Any CPU.Build.0 = Release|Any CPU
		{6B407AAF-567B-479B-A4A2-E8F34D18163C}.Release|x64.ActiveCfg = Release|Any CPU
		{6B407AAF-567B-479B-A4A2-E8F34D18163C}.Release|x64.Build.0 = Release|Any CPU
		{6B407AAF-567B-479B-A4A2-E8F34D18163C}.Release|x86.ActiveCfg = Release|Any CPU
		{6B407AAF-567B-479B-A4A2-E8F34D18163C}.Release|x86.Build.0 = Release|Any CPU
		{0ABF5C46-105A-4259-8645-3DB222C602E1}.Debug|Any CPU.ActiveCfg = Debug|Win32
		{0ABF5C46-105A-4259-8645-3DB222C602E1}.Debug|x64.ActiveCfg = Debug|x64
		{0ABF5C46-105A-4259-8645-3DB222C602E1}.Debug|x64.Build.0 = Debug|x64
		{0ABF5C46-105A-4259-8645-3DB222C602E1}.Debug|x86.ActiveCfg = Debug|Win32
		{0ABF5C46-105A-4259-8645-3DB222C602E1}.Debug|x86.Build.0 = Debug|Win32
		{0ABF5C46-105A-4259-8645-3DB222C602E1}.Release|Any CPU.ActiveCfg = Release|Win32
		{0ABF5C46-105A-4259-8645-3DB222C602E1}.Release|x64.ActiveCfg = Release|x64
		{0ABF5C46-105A-4259-8645-3DB222C602E1}.Release|x64.Build.0 = Release|x64
		{0ABF5C46-105A-4259-8645-3DB222C602E1}.Release|x86.ActiveCfg = Release|Win32
		{0ABF5C46-105A-4259-8645-3DB222C602E1}.Release|x86.Build.0 = Release|Win32
		{53162EA0-C32C-42CC-8D34-4E1BEB31382E}.Debug|Any CPU.ActiveCfg = Debug|Win32
		{53162EA0-C32C-42CC-8D34-4E1BEB31382E}.Debug|x64.ActiveCfg = Debug|x64
		{53162EA0-C32C-42CC-8D34-4E1BEB31382E}.Debug|x64.Build.0 = Debug|x64
		{53162EA0-C32C-42CC-8D34-4E1BEB31382E}.Debug|x86.ActiveCfg = Debug|Win32
		{53162EA0-C32C-42CC-8D34-4E1BEB31382E}.Debug|x86.Build.0 = Debug|Win32
		{53162EA0-C32C-42CC-8D34-4E1BEB31382E}.Release|Any CPU.ActiveCfg = Release|Win32
		{53162EA0-C32C-42CC-8D34-4E1BEB31382E}.Release|x64.ActiveCfg = Release|x64
		{53162EA0-C32C-42CC-8D34-4E1BEB31382E}.Release|x64.Build.0 = Release|x64
		{53162EA0-C32C-42CC-8D34-4E1BEB31382E}.Release|x86.ActiveCfg = Release|Win32
		{53162EA0-C32C-42CC-8D34-4E1BEB31382E}.Release|x86.Build.0 = Release|Win32
		{D9785FD4-252F-4E11-BB81-FFC199BF5073}.Debug|Any CPU.ActiveCfg = Debug|Win32
		{D9785FD4-252F-4E11-BB81-FFC199BF5073}.Debug|x64.ActiveCfg = Debug|x64
		{D9785FD4-252F-4E11-BB81-FFC199BF5073}.Debug|x64.Build.0 = Debug|x64
		{D9785FD4-252F-4E11-BB81-FFC199BF5073}.Debug|x86.ActiveCfg = Debug|Win32
		{D9785FD4-252F-4E11-BB81-FFC199BF5073}.Debug|x86.Build.0 = Debug|Win32
		{D9785FD4-252F-4E11-BB81-FFC199BF5073}.Release|Any CPU.ActiveCfg = Release|Win32
		{D9785FD4-252F-4E11-BB81-FFC199BF5073}.Release|x64.ActiveCfg = Release|x64
		{D9785FD4-252F-4E11-BB81-FFC199BF5073}.Release|x64.Build.0 = Release|x64
		{D9785FD4-252F-4E11-BB81-FFC199BF5073}.Release|x86.ActiveCfg = Release|Win32
		{D9785FD4-252F-4E11-BB81-FFC199BF5073}.Release|x86.Build.0 = Release|Win32
		{65180196-8414-4DEE-B19E-35B57D343995}.Debug|Any CPU.ActiveCfg = Debug|Win32
		{65180196-8414-4DEE-B19E-35B57D343995}.Debug|x64.ActiveCfg = Debug|x64
		{65180196-8414-4DEE-B19E-35B57D343995}.Debug|x64.Build.0 = Debug|x64
		{65180196-8414-4DEE-B19E-35B57D343995}.Debug|x86.ActiveCfg = Debug|Win32
		{65180196-8414-4DEE-B19E-35B57D343995}.Debug|x86.Build.0 = Debug|Win32
		{65180196-8414-4DEE-B19E-35B57D343995}.Release|Any CPU.ActiveCfg = Release|Win32
		{65180196-8414-4DEE-B19E-35B57D343995}.Release|x64.ActiveCfg = Release|x64
		{65180196-8414-4DEE-B19E-35B57D343995}.Release|x64.Build.0 = Release|x64
		{65180196-8414-4DEE-B19E-35B57D343995}.Release|x86.ActiveCfg = Release|Win32
		{65180196-8414-4DEE-B19E-35B57D343995}.Release|x86.Build.0 = Release|Win32
		{92FE1526-BBE3-4A2D-8B4A-B8307CA95ABC}.Debug|Any CPU.ActiveCfg = Debug|Any CPU
		{92FE1526-BBE3-4A2D-8B4A-B8307CA95ABC}.Debug|Any CPU.Build.0 = Debug|Any CPU
		{92FE1526-BBE3-4A2D-8B4A-B8307CA95ABC}.Debug|x64.ActiveCfg = Debug|Any CPU
		{92FE1526-BBE3-4A2D-8B4A-B8307CA95ABC}.Debug|x64.Build.0 = Debug|Any CPU
		{92FE1526-BBE3-4A2D-8B4A-B8307CA95ABC}.Debug|x86.ActiveCfg = Debug|Any CPU
		{92FE1526-BBE3-4A2D-8B4A-B8307CA95ABC}.Debug|x86.Build.0 = Debug|Any CPU
		{92FE1526-BBE3-4A2D-8B4A-B8307CA95ABC}.Release|Any CPU.ActiveCfg = Release|Any CPU
		{92FE1526-BBE3-4A2D-8B4A-B8307CA95ABC}.Release|Any CPU.Build.0 = Release|Any CPU
		{92FE1526-BBE3-4A2D-8B4A-B8307CA95ABC}.Release|x64.ActiveCfg = Release|Any CPU
		{92FE1526-BBE3-4A2D-8B4A-B8307CA95ABC}.Release|x64.Build.0 = Release|Any CPU
		{92FE1526-BBE3-4A2D-8B4A-B8307CA95ABC}.Release|x86.ActiveCfg = Release|Any CPU
		{92FE1526-BBE3-4A2D-8B4A-B8307CA95ABC}.Release|x86.Build.0 = Release|Any CPU
		{EC3F2125-46A9-465A-B968-39836B935CFD}.Debug|Any CPU.ActiveCfg = Debug|Win32
		{EC3F2125-46A9-465A-B968-39836B935CFD}.Debug|x64.ActiveCfg = Debug|x64
		{EC3F2125-46A9-465A-B968-39836B935CFD}.Debug|x64.Build.0 = Debug|x64
		{EC3F2125-46A9-465A-B968-39836B935CFD}.Debug|x86.ActiveCfg = Debug|Win32
		{EC3F2125-46A9-465A-B968-39836B935CFD}.Debug|x86.Build.0 = Debug|Win32
		{EC3F2125-46A9-465A-B968-39836B935CFD}.Release|Any CPU.ActiveCfg = Release|Win32
		{EC3F2125-46A9-465A-B968-39836B935CFD}.Release|x64.ActiveCfg = Release|x64
		{EC3F2125-46A9-465A-B968-39836B935CFD}.Release|x64.Build.0 = Release|x64
		{EC3F2125-46A9-465A-B968-39836B935CFD}.Release|x86.ActiveCfg = Release|Win32
		{EC3F2125-46A9-465A-B968-39836B935CFD}.Release|x86.Build.0 = Release|Win32
		{0B6E0392-EFE4-4F45-A06F-3E8370434B21}.Debug|Any CPU.ActiveCfg = Debug|Win32
		{0B6E0392-EFE4-4F45-A06F-3E8370434B21}.Debug|x64.ActiveCfg = Debug|x64
		{0B6E0392-EFE4-4F45-A06F-3E8370434B21}.Debug|x64.Build.0 = Debug|x64
		{0B6E0392-EFE4-4F45-A06F-3E8370434B21}.Debug|x86.ActiveCfg = Debug|Win32
		{0B6E0392-EFE4-4F45-A06F-3E8370434B21}.Debug|x86.Build.0 = Debug|Win32
		{0B6E0392-EFE4-4F45-A06F-3E8370434B21}.Release|Any CPU.ActiveCfg = Release|Win32
		{0B6E0392-EFE4-4F45-A06F-3E8370434B21}.Release|x64.ActiveCfg = Release|x64
		{0B6E0392-EFE4-4F45-A06F-3E8370434B21}.Release|x64.Build.0 = Release|x64
		{0B6E0392-EFE4-4F45-A06F-3E8370434B21}.Release|x86.ActiveCfg = Release|Win32
		{0B6E0392-EFE4-4F45-A06F-3E8370434B21}.Release|x86.Build.0 = Release|Win32
		{7E6E199F-AC2D-4A1A-819E-0A1D960415F7}.Debug|Any CPU.ActiveCfg = Debug|Any CPU
		{7E6E199F-AC2D-4A1A-819E-0A1D960415F7}.Debug|Any CPU.Build.0 = Debug|Any CPU
		{7E6E199F-AC2D-4A1A-819E-0A1D960415F7}.Debug|x64.ActiveCfg = Debug|Any CPU
		{7E6E199F-AC2D-4A1A-819E-0A1D960415F7}.Debug|x64.Build.0 = Debug|Any CPU
		{7E6E199F-AC2D-4A1A-819E-0A1D960415F7}.Debug|x86.ActiveCfg = Debug|Any CPU
		{7E6E199F-AC2D-4A1A-819E-0A1D960415F7}.Debug|x86.Build.0 = Debug|Any CPU
		{7E6E199F-AC2D-4A1A-819E-0A1D960415F7}.Release|Any CPU.ActiveCfg = Release|Any CPU
		{7E6E199F-AC2D-4A1A-819E-0A1D960415F7}.Release|Any CPU.Build.0 = Release|Any CPU
		{7E6E199F-AC2D-4A1A-819E-0A1D960415F7}.Release|x64.ActiveCfg = Release|Any CPU
		{7E6E199F-AC2D-4A1A-819E-0A1D960415F7}.Release|x64.Build.0 = Release|Any CPU
		{7E6E199F-AC2D-4A1A-819E-0A1D960415F7}.Release|x86.ActiveCfg = Release|Any CPU
		{7E6E199F-AC2D-4A1A-819E-0A1D960415F7}.Release|x86.Build.0 = Release|Any CPU
		{374527BF-0F96-4ED4-AD8B-55161C76AC3C}.Debug|Any CPU.ActiveCfg = Debug|Any CPU
		{374527BF-0F96-4ED4-AD8B-55161C76AC3C}.Debug|Any CPU.Build.0 = Debug|Any CPU
		{374527BF-0F96-4ED4-AD8B-55161C76AC3C}.Debug|x64.ActiveCfg = Debug|Any CPU
		{374527BF-0F96-4ED4-AD8B-55161C76AC3C}.Debug|x64.Build.0 = Debug|Any CPU
		{374527BF-0F96-4ED4-AD8B-55161C76AC3C}.Debug|x86.ActiveCfg = Debug|Any CPU
		{374527BF-0F96-4ED4-AD8B-55161C76AC3C}.Debug|x86.Build.0 = Debug|Any CPU
		{374527BF-0F96-4ED4-AD8B-55161C76AC3C}.Release|Any CPU.ActiveCfg = Release|Any CPU
		{374527BF-0F96-4ED4-AD8B-55161C76AC3C}.Release|Any CPU.Build.0 = Release|Any CPU
		{374527BF-0F96-4ED4-AD8B-55161C76AC3C}.Release|x64.ActiveCfg = Release|Any CPU
		{374527BF-0F96-4ED4-AD8B-55161C76AC3C}.Release|x64.Build.0 = Release|Any CPU
		{374527BF-0F96-4ED4-AD8B-55161C76AC3C}.Release|x86.ActiveCfg = Release|Any CPU
		{374527BF-0F96-4ED4-AD8B-55161C76AC3C}.Release|x86.Build.0 = Release|Any CPU
		{D65DA447-8291-4C60-9458-D01CC4907E5D}.Debug|Any CPU.ActiveCfg = Debug|Any CPU
		{D65DA447-8291-4C60-9458-D01CC4907E5D}.Debug|Any CPU.Build.0 = Debug|Any CPU
		{D65DA447-8291-4C60-9458-D01CC4907E5D}.Debug|x64.ActiveCfg = Debug|Any CPU
		{D65DA447-8291-4C60-9458-D01CC4907E5D}.Debug|x64.Build.0 = Debug|Any CPU
		{D65DA447-8291-4C60-9458-D01CC4907E5D}.Debug|x86.ActiveCfg = Debug|Any CPU
		{D65DA447-8291-4C60-9458-D01CC4907E5D}.Debug|x86.Build.0 = Debug|Any CPU
		{D65DA447-8291-4C60-9458-D01CC4907E5D}.Release|Any CPU.ActiveCfg = Release|Any CPU
		{D65DA447-8291-4C60-9458-D01CC4907E5D}.Release|Any CPU.Build.0 = Release|Any CPU
		{D65DA447-8291-4C60-9458-D01CC4907E5D}.Release|x64.ActiveCfg = Release|Any CPU
		{D65DA447-8291-4C60-9458-D01CC4907E5D}.Release|x64.Build.0 = Release|Any CPU
		{D65DA447-8291-4C60-9458-D01CC4907E5D}.Release|x86.ActiveCfg = Release|Any CPU
		{D65DA447-8291-4C60-9458-D01CC4907E5D}.Release|x86.Build.0 = Release|Any CPU
		{6ED54874-D874-495C-BE73-3FF0B0C1D0D6}.Debug|Any CPU.ActiveCfg = Debug|Any CPU
		{6ED54874-D874-495C-BE73-3FF0B0C1D0D6}.Debug|Any CPU.Build.0 = Debug|Any CPU
		{6ED54874-D874-495C-BE73-3FF0B0C1D0D6}.Debug|x64.ActiveCfg = Debug|Any CPU
		{6ED54874-D874-495C-BE73-3FF0B0C1D0D6}.Debug|x64.Build.0 = Debug|Any CPU
		{6ED54874-D874-495C-BE73-3FF0B0C1D0D6}.Debug|x86.ActiveCfg = Debug|Any CPU
		{6ED54874-D874-495C-BE73-3FF0B0C1D0D6}.Debug|x86.Build.0 = Debug|Any CPU
		{6ED54874-D874-495C-BE73-3FF0B0C1D0D6}.Release|Any CPU.ActiveCfg = Release|Any CPU
		{6ED54874-D874-495C-BE73-3FF0B0C1D0D6}.Release|Any CPU.Build.0 = Release|Any CPU
		{6ED54874-D874-495C-BE73-3FF0B0C1D0D6}.Release|x64.ActiveCfg = Release|Any CPU
		{6ED54874-D874-495C-BE73-3FF0B0C1D0D6}.Release|x64.Build.0 = Release|Any CPU
		{6ED54874-D874-495C-BE73-3FF0B0C1D0D6}.Release|x86.ActiveCfg = Release|Any CPU
		{6ED54874-D874-495C-BE73-3FF0B0C1D0D6}.Release|x86.Build.0 = Release|Any CPU
		{CB1C21DB-2BBA-439A-8024-C9222772601B}.Debug|Any CPU.ActiveCfg = Debug|Any CPU
		{CB1C21DB-2BBA-439A-8024-C9222772601B}.Debug|Any CPU.Build.0 = Debug|Any CPU
		{CB1C21DB-2BBA-439A-8024-C9222772601B}.Debug|x64.ActiveCfg = Debug|Any CPU
		{CB1C21DB-2BBA-439A-8024-C9222772601B}.Debug|x64.Build.0 = Debug|Any CPU
		{CB1C21DB-2BBA-439A-8024-C9222772601B}.Debug|x86.ActiveCfg = Debug|Any CPU
		{CB1C21DB-2BBA-439A-8024-C9222772601B}.Debug|x86.Build.0 = Debug|Any CPU
		{CB1C21DB-2BBA-439A-8024-C9222772601B}.Release|Any CPU.ActiveCfg = Release|Any CPU
		{CB1C21DB-2BBA-439A-8024-C9222772601B}.Release|Any CPU.Build.0 = Release|Any CPU
		{CB1C21DB-2BBA-439A-8024-C9222772601B}.Release|x64.ActiveCfg = Release|Any CPU
		{CB1C21DB-2BBA-439A-8024-C9222772601B}.Release|x64.Build.0 = Release|Any CPU
		{CB1C21DB-2BBA-439A-8024-C9222772601B}.Release|x86.ActiveCfg = Release|Any CPU
		{CB1C21DB-2BBA-439A-8024-C9222772601B}.Release|x86.Build.0 = Release|Any CPU
		{E4B6AB58-9DC1-427F-8FD6-7A136A34C854}.Debug|Any CPU.ActiveCfg = Debug|Any CPU
		{E4B6AB58-9DC1-427F-8FD6-7A136A34C854}.Debug|Any CPU.Build.0 = Debug|Any CPU
		{E4B6AB58-9DC1-427F-8FD6-7A136A34C854}.Debug|x64.ActiveCfg = Debug|Any CPU
		{E4B6AB58-9DC1-427F-8FD6-7A136A34C854}.Debug|x64.Build.0 = Debug|Any CPU
		{E4B6AB58-9DC1-427F-8FD6-7A136A34C854}.Debug|x86.ActiveCfg = Debug|Any CPU
		{E4B6AB58-9DC1-427F-8FD6-7A136A34C854}.Debug|x86.Build.0 = Debug|Any CPU
		{E4B6AB58-9DC1-427F-8FD6-7A136A34C854}.Release|Any CPU.ActiveCfg = Release|Any CPU
		{E4B6AB58-9DC1-427F-8FD6-7A136A34C854}.Release|Any CPU.Build.0 = Release|Any CPU
		{E4B6AB58-9DC1-427F-8FD6-7A136A34C854}.Release|x64.ActiveCfg = Release|Any CPU
		{E4B6AB58-9DC1-427F-8FD6-7A136A34C854}.Release|x64.Build.0 = Release|Any CPU
		{E4B6AB58-9DC1-427F-8FD6-7A136A34C854}.Release|x86.ActiveCfg = Release|Any CPU
		{E4B6AB58-9DC1-427F-8FD6-7A136A34C854}.Release|x86.Build.0 = Release|Any CPU
		{9B951ABC-BCB5-44BB-8E5C-A384FA6BA006}.Debug|Any CPU.ActiveCfg = Debug|Any CPU
		{9B951ABC-BCB5-44BB-8E5C-A384FA6BA006}.Debug|Any CPU.Build.0 = Debug|Any CPU
		{9B951ABC-BCB5-44BB-8E5C-A384FA6BA006}.Debug|x64.ActiveCfg = Debug|Any CPU
		{9B951ABC-BCB5-44BB-8E5C-A384FA6BA006}.Debug|x64.Build.0 = Debug|Any CPU
		{9B951ABC-BCB5-44BB-8E5C-A384FA6BA006}.Debug|x86.ActiveCfg = Debug|Any CPU
		{9B951ABC-BCB5-44BB-8E5C-A384FA6BA006}.Debug|x86.Build.0 = Debug|Any CPU
		{9B951ABC-BCB5-44BB-8E5C-A384FA6BA006}.Release|Any CPU.ActiveCfg = Release|Any CPU
		{9B951ABC-BCB5-44BB-8E5C-A384FA6BA006}.Release|Any CPU.Build.0 = Release|Any CPU
		{9B951ABC-BCB5-44BB-8E5C-A384FA6BA006}.Release|x64.ActiveCfg = Release|Any CPU
		{9B951ABC-BCB5-44BB-8E5C-A384FA6BA006}.Release|x64.Build.0 = Release|Any CPU
		{9B951ABC-BCB5-44BB-8E5C-A384FA6BA006}.Release|x86.ActiveCfg = Release|Any CPU
		{9B951ABC-BCB5-44BB-8E5C-A384FA6BA006}.Release|x86.Build.0 = Release|Any CPU
		{73583A4D-91BB-4999-B5D5-58AAFBCDDBD2}.Debug|Any CPU.ActiveCfg = Debug|Any CPU
		{73583A4D-91BB-4999-B5D5-58AAFBCDDBD2}.Debug|Any CPU.Build.0 = Debug|Any CPU
		{73583A4D-91BB-4999-B5D5-58AAFBCDDBD2}.Debug|x64.ActiveCfg = Debug|Any CPU
		{73583A4D-91BB-4999-B5D5-58AAFBCDDBD2}.Debug|x64.Build.0 = Debug|Any CPU
		{73583A4D-91BB-4999-B5D5-58AAFBCDDBD2}.Debug|x86.ActiveCfg = Debug|Any CPU
		{73583A4D-91BB-4999-B5D5-58AAFBCDDBD2}.Debug|x86.Build.0 = Debug|Any CPU
		{73583A4D-91BB-4999-B5D5-58AAFBCDDBD2}.Release|Any CPU.ActiveCfg = Release|Any CPU
		{73583A4D-91BB-4999-B5D5-58AAFBCDDBD2}.Release|Any CPU.Build.0 = Release|Any CPU
		{73583A4D-91BB-4999-B5D5-58AAFBCDDBD2}.Release|x64.ActiveCfg = Release|Any CPU
		{73583A4D-91BB-4999-B5D5-58AAFBCDDBD2}.Release|x64.Build.0 = Release|Any CPU
		{73583A4D-91BB-4999-B5D5-58AAFBCDDBD2}.Release|x86.ActiveCfg = Release|Any CPU
		{73583A4D-91BB-4999-B5D5-58AAFBCDDBD2}.Release|x86.Build.0 = Release|Any CPU
		{5907B253-E304-4F6A-8FF7-B22CF9B9D564}.Debug|Any CPU.ActiveCfg = Debug|Any CPU
		{5907B253-E304-4F6A-8FF7-B22CF9B9D564}.Debug|Any CPU.Build.0 = Debug|Any CPU
		{5907B253-E304-4F6A-8FF7-B22CF9B9D564}.Debug|x64.ActiveCfg = Debug|Any CPU
		{5907B253-E304-4F6A-8FF7-B22CF9B9D564}.Debug|x64.Build.0 = Debug|Any CPU
		{5907B253-E304-4F6A-8FF7-B22CF9B9D564}.Debug|x86.ActiveCfg = Debug|Any CPU
		{5907B253-E304-4F6A-8FF7-B22CF9B9D564}.Debug|x86.Build.0 = Debug|Any CPU
		{5907B253-E304-4F6A-8FF7-B22CF9B9D564}.Release|Any CPU.ActiveCfg = Release|Any CPU
		{5907B253-E304-4F6A-8FF7-B22CF9B9D564}.Release|Any CPU.Build.0 = Release|Any CPU
		{5907B253-E304-4F6A-8FF7-B22CF9B9D564}.Release|x64.ActiveCfg = Release|Any CPU
		{5907B253-E304-4F6A-8FF7-B22CF9B9D564}.Release|x64.Build.0 = Release|Any CPU
		{5907B253-E304-4F6A-8FF7-B22CF9B9D564}.Release|x86.ActiveCfg = Release|Any CPU
		{5907B253-E304-4F6A-8FF7-B22CF9B9D564}.Release|x86.Build.0 = Release|Any CPU
		{95621C9A-7D80-4713-AC1E-ADF85056E0C3}.Debug|Any CPU.ActiveCfg = Debug|Any CPU
		{95621C9A-7D80-4713-AC1E-ADF85056E0C3}.Debug|Any CPU.Build.0 = Debug|Any CPU
		{95621C9A-7D80-4713-AC1E-ADF85056E0C3}.Debug|x64.ActiveCfg = Debug|Any CPU
		{95621C9A-7D80-4713-AC1E-ADF85056E0C3}.Debug|x64.Build.0 = Debug|Any CPU
		{95621C9A-7D80-4713-AC1E-ADF85056E0C3}.Debug|x86.ActiveCfg = Debug|Any CPU
		{95621C9A-7D80-4713-AC1E-ADF85056E0C3}.Debug|x86.Build.0 = Debug|Any CPU
		{95621C9A-7D80-4713-AC1E-ADF85056E0C3}.Release|Any CPU.ActiveCfg = Release|Any CPU
		{95621C9A-7D80-4713-AC1E-ADF85056E0C3}.Release|Any CPU.Build.0 = Release|Any CPU
		{95621C9A-7D80-4713-AC1E-ADF85056E0C3}.Release|x64.ActiveCfg = Release|Any CPU
		{95621C9A-7D80-4713-AC1E-ADF85056E0C3}.Release|x64.Build.0 = Release|Any CPU
		{95621C9A-7D80-4713-AC1E-ADF85056E0C3}.Release|x86.ActiveCfg = Release|Any CPU
		{95621C9A-7D80-4713-AC1E-ADF85056E0C3}.Release|x86.Build.0 = Release|Any CPU
		{71287F4C-3669-463C-AF99-EF5830E510D0}.Debug|Any CPU.ActiveCfg = Debug|Any CPU
		{71287F4C-3669-463C-AF99-EF5830E510D0}.Debug|Any CPU.Build.0 = Debug|Any CPU
		{71287F4C-3669-463C-AF99-EF5830E510D0}.Debug|x64.ActiveCfg = Debug|Any CPU
		{71287F4C-3669-463C-AF99-EF5830E510D0}.Debug|x64.Build.0 = Debug|Any CPU
		{71287F4C-3669-463C-AF99-EF5830E510D0}.Debug|x86.ActiveCfg = Debug|Any CPU
		{71287F4C-3669-463C-AF99-EF5830E510D0}.Debug|x86.Build.0 = Debug|Any CPU
		{71287F4C-3669-463C-AF99-EF5830E510D0}.Release|Any CPU.ActiveCfg = Release|Any CPU
		{71287F4C-3669-463C-AF99-EF5830E510D0}.Release|Any CPU.Build.0 = Release|Any CPU
		{71287F4C-3669-463C-AF99-EF5830E510D0}.Release|x64.ActiveCfg = Release|Any CPU
		{71287F4C-3669-463C-AF99-EF5830E510D0}.Release|x64.Build.0 = Release|Any CPU
		{71287F4C-3669-463C-AF99-EF5830E510D0}.Release|x86.ActiveCfg = Release|Any CPU
		{71287F4C-3669-463C-AF99-EF5830E510D0}.Release|x86.Build.0 = Release|Any CPU
		{44959E5E-940C-4B68-9A8D-0A4351D62BAC}.Debug|Any CPU.ActiveCfg = Debug|Any CPU
		{44959E5E-940C-4B68-9A8D-0A4351D62BAC}.Debug|Any CPU.Build.0 = Debug|Any CPU
		{44959E5E-940C-4B68-9A8D-0A4351D62BAC}.Debug|x64.ActiveCfg = Debug|Any CPU
		{44959E5E-940C-4B68-9A8D-0A4351D62BAC}.Debug|x64.Build.0 = Debug|Any CPU
		{44959E5E-940C-4B68-9A8D-0A4351D62BAC}.Debug|x86.ActiveCfg = Debug|Any CPU
		{44959E5E-940C-4B68-9A8D-0A4351D62BAC}.Debug|x86.Build.0 = Debug|Any CPU
		{44959E5E-940C-4B68-9A8D-0A4351D62BAC}.Release|Any CPU.ActiveCfg = Release|Any CPU
		{44959E5E-940C-4B68-9A8D-0A4351D62BAC}.Release|Any CPU.Build.0 = Release|Any CPU
		{44959E5E-940C-4B68-9A8D-0A4351D62BAC}.Release|x64.ActiveCfg = Release|Any CPU
		{44959E5E-940C-4B68-9A8D-0A4351D62BAC}.Release|x64.Build.0 = Release|Any CPU
		{44959E5E-940C-4B68-9A8D-0A4351D62BAC}.Release|x86.ActiveCfg = Release|Any CPU
		{44959E5E-940C-4B68-9A8D-0A4351D62BAC}.Release|x86.Build.0 = Release|Any CPU
		{D0D3E69E-717F-4043-8DD9-E6C9059CD40E}.Debug|Any CPU.ActiveCfg = Debug|Any CPU
		{D0D3E69E-717F-4043-8DD9-E6C9059CD40E}.Debug|Any CPU.Build.0 = Debug|Any CPU
		{D0D3E69E-717F-4043-8DD9-E6C9059CD40E}.Debug|x64.ActiveCfg = Debug|Any CPU
		{D0D3E69E-717F-4043-8DD9-E6C9059CD40E}.Debug|x64.Build.0 = Debug|Any CPU
		{D0D3E69E-717F-4043-8DD9-E6C9059CD40E}.Debug|x86.ActiveCfg = Debug|Any CPU
		{D0D3E69E-717F-4043-8DD9-E6C9059CD40E}.Debug|x86.Build.0 = Debug|Any CPU
		{D0D3E69E-717F-4043-8DD9-E6C9059CD40E}.Release|Any CPU.ActiveCfg = Release|Any CPU
		{D0D3E69E-717F-4043-8DD9-E6C9059CD40E}.Release|Any CPU.Build.0 = Release|Any CPU
		{D0D3E69E-717F-4043-8DD9-E6C9059CD40E}.Release|x64.ActiveCfg = Release|Any CPU
		{D0D3E69E-717F-4043-8DD9-E6C9059CD40E}.Release|x64.Build.0 = Release|Any CPU
		{D0D3E69E-717F-4043-8DD9-E6C9059CD40E}.Release|x86.ActiveCfg = Release|Any CPU
		{D0D3E69E-717F-4043-8DD9-E6C9059CD40E}.Release|x86.Build.0 = Release|Any CPU
		{05FE0B2B-C181-4E1B-93EF-FE990C14DB53}.Debug|Any CPU.ActiveCfg = Debug|Any CPU
		{05FE0B2B-C181-4E1B-93EF-FE990C14DB53}.Debug|Any CPU.Build.0 = Debug|Any CPU
		{05FE0B2B-C181-4E1B-93EF-FE990C14DB53}.Debug|x64.ActiveCfg = Debug|Any CPU
		{05FE0B2B-C181-4E1B-93EF-FE990C14DB53}.Debug|x64.Build.0 = Debug|Any CPU
		{05FE0B2B-C181-4E1B-93EF-FE990C14DB53}.Debug|x86.ActiveCfg = Debug|Any CPU
		{05FE0B2B-C181-4E1B-93EF-FE990C14DB53}.Debug|x86.Build.0 = Debug|Any CPU
		{05FE0B2B-C181-4E1B-93EF-FE990C14DB53}.Release|Any CPU.ActiveCfg = Release|Any CPU
		{05FE0B2B-C181-4E1B-93EF-FE990C14DB53}.Release|Any CPU.Build.0 = Release|Any CPU
		{05FE0B2B-C181-4E1B-93EF-FE990C14DB53}.Release|x64.ActiveCfg = Release|Any CPU
		{05FE0B2B-C181-4E1B-93EF-FE990C14DB53}.Release|x64.Build.0 = Release|Any CPU
		{05FE0B2B-C181-4E1B-93EF-FE990C14DB53}.Release|x86.ActiveCfg = Release|Any CPU
		{05FE0B2B-C181-4E1B-93EF-FE990C14DB53}.Release|x86.Build.0 = Release|Any CPU
		{208EAC71-6AEE-4A3F-92F8-5EA1E8888345}.Debug|Any CPU.ActiveCfg = Debug|Any CPU
		{208EAC71-6AEE-4A3F-92F8-5EA1E8888345}.Debug|Any CPU.Build.0 = Debug|Any CPU
		{208EAC71-6AEE-4A3F-92F8-5EA1E8888345}.Debug|x64.ActiveCfg = Debug|Any CPU
		{208EAC71-6AEE-4A3F-92F8-5EA1E8888345}.Debug|x64.Build.0 = Debug|Any CPU
		{208EAC71-6AEE-4A3F-92F8-5EA1E8888345}.Debug|x86.ActiveCfg = Debug|Any CPU
		{208EAC71-6AEE-4A3F-92F8-5EA1E8888345}.Debug|x86.Build.0 = Debug|Any CPU
		{208EAC71-6AEE-4A3F-92F8-5EA1E8888345}.Release|Any CPU.ActiveCfg = Release|Any CPU
		{208EAC71-6AEE-4A3F-92F8-5EA1E8888345}.Release|Any CPU.Build.0 = Release|Any CPU
		{208EAC71-6AEE-4A3F-92F8-5EA1E8888345}.Release|x64.ActiveCfg = Release|Any CPU
		{208EAC71-6AEE-4A3F-92F8-5EA1E8888345}.Release|x64.Build.0 = Release|Any CPU
		{208EAC71-6AEE-4A3F-92F8-5EA1E8888345}.Release|x86.ActiveCfg = Release|Any CPU
		{208EAC71-6AEE-4A3F-92F8-5EA1E8888345}.Release|x86.Build.0 = Release|Any CPU
		{8F643801-94BE-4E17-8547-DE66148D0567}.Debug|Any CPU.ActiveCfg = Debug|Any CPU
		{8F643801-94BE-4E17-8547-DE66148D0567}.Debug|Any CPU.Build.0 = Debug|Any CPU
		{8F643801-94BE-4E17-8547-DE66148D0567}.Debug|x64.ActiveCfg = Debug|Any CPU
		{8F643801-94BE-4E17-8547-DE66148D0567}.Debug|x64.Build.0 = Debug|Any CPU
		{8F643801-94BE-4E17-8547-DE66148D0567}.Debug|x86.ActiveCfg = Debug|Any CPU
		{8F643801-94BE-4E17-8547-DE66148D0567}.Debug|x86.Build.0 = Debug|Any CPU
		{8F643801-94BE-4E17-8547-DE66148D0567}.Release|Any CPU.ActiveCfg = Release|Any CPU
		{8F643801-94BE-4E17-8547-DE66148D0567}.Release|Any CPU.Build.0 = Release|Any CPU
		{8F643801-94BE-4E17-8547-DE66148D0567}.Release|x64.ActiveCfg = Release|Any CPU
		{8F643801-94BE-4E17-8547-DE66148D0567}.Release|x64.Build.0 = Release|Any CPU
		{8F643801-94BE-4E17-8547-DE66148D0567}.Release|x86.ActiveCfg = Release|Any CPU
		{8F643801-94BE-4E17-8547-DE66148D0567}.Release|x86.Build.0 = Release|Any CPU
		{69A1D4B9-60FA-4920-AB28-4F785DAA87EE}.Debug|Any CPU.ActiveCfg = Debug|Any CPU
		{69A1D4B9-60FA-4920-AB28-4F785DAA87EE}.Debug|Any CPU.Build.0 = Debug|Any CPU
		{69A1D4B9-60FA-4920-AB28-4F785DAA87EE}.Debug|x64.ActiveCfg = Debug|Any CPU
		{69A1D4B9-60FA-4920-AB28-4F785DAA87EE}.Debug|x64.Build.0 = Debug|Any CPU
		{69A1D4B9-60FA-4920-AB28-4F785DAA87EE}.Debug|x86.ActiveCfg = Debug|Any CPU
		{69A1D4B9-60FA-4920-AB28-4F785DAA87EE}.Debug|x86.Build.0 = Debug|Any CPU
		{69A1D4B9-60FA-4920-AB28-4F785DAA87EE}.Release|Any CPU.ActiveCfg = Release|Any CPU
		{69A1D4B9-60FA-4920-AB28-4F785DAA87EE}.Release|Any CPU.Build.0 = Release|Any CPU
		{69A1D4B9-60FA-4920-AB28-4F785DAA87EE}.Release|x64.ActiveCfg = Release|Any CPU
		{69A1D4B9-60FA-4920-AB28-4F785DAA87EE}.Release|x64.Build.0 = Release|Any CPU
		{69A1D4B9-60FA-4920-AB28-4F785DAA87EE}.Release|x86.ActiveCfg = Release|Any CPU
		{69A1D4B9-60FA-4920-AB28-4F785DAA87EE}.Release|x86.Build.0 = Release|Any CPU
		{82BE5A58-C736-4102-8D8F-39D515637695}.Debug|Any CPU.ActiveCfg = Debug|Any CPU
		{82BE5A58-C736-4102-8D8F-39D515637695}.Debug|Any CPU.Build.0 = Debug|Any CPU
		{82BE5A58-C736-4102-8D8F-39D515637695}.Debug|x64.ActiveCfg = Debug|Any CPU
		{82BE5A58-C736-4102-8D8F-39D515637695}.Debug|x64.Build.0 = Debug|Any CPU
		{82BE5A58-C736-4102-8D8F-39D515637695}.Debug|x86.ActiveCfg = Debug|Any CPU
		{82BE5A58-C736-4102-8D8F-39D515637695}.Debug|x86.Build.0 = Debug|Any CPU
		{82BE5A58-C736-4102-8D8F-39D515637695}.Release|Any CPU.ActiveCfg = Release|Any CPU
		{82BE5A58-C736-4102-8D8F-39D515637695}.Release|Any CPU.Build.0 = Release|Any CPU
		{82BE5A58-C736-4102-8D8F-39D515637695}.Release|x64.ActiveCfg = Release|Any CPU
		{82BE5A58-C736-4102-8D8F-39D515637695}.Release|x64.Build.0 = Release|Any CPU
		{82BE5A58-C736-4102-8D8F-39D515637695}.Release|x86.ActiveCfg = Release|Any CPU
		{82BE5A58-C736-4102-8D8F-39D515637695}.Release|x86.Build.0 = Release|Any CPU
		{B384D1FE-B84E-4F08-B94A-FE70D2A1685E}.Debug|Any CPU.ActiveCfg = Debug|Any CPU
		{B384D1FE-B84E-4F08-B94A-FE70D2A1685E}.Debug|Any CPU.Build.0 = Debug|Any CPU
		{B384D1FE-B84E-4F08-B94A-FE70D2A1685E}.Debug|x64.ActiveCfg = Debug|Any CPU
		{B384D1FE-B84E-4F08-B94A-FE70D2A1685E}.Debug|x64.Build.0 = Debug|Any CPU
		{B384D1FE-B84E-4F08-B94A-FE70D2A1685E}.Debug|x86.ActiveCfg = Debug|Any CPU
		{B384D1FE-B84E-4F08-B94A-FE70D2A1685E}.Debug|x86.Build.0 = Debug|Any CPU
		{B384D1FE-B84E-4F08-B94A-FE70D2A1685E}.Release|Any CPU.ActiveCfg = Release|Any CPU
		{B384D1FE-B84E-4F08-B94A-FE70D2A1685E}.Release|Any CPU.Build.0 = Release|Any CPU
		{B384D1FE-B84E-4F08-B94A-FE70D2A1685E}.Release|x64.ActiveCfg = Release|Any CPU
		{B384D1FE-B84E-4F08-B94A-FE70D2A1685E}.Release|x64.Build.0 = Release|Any CPU
		{B384D1FE-B84E-4F08-B94A-FE70D2A1685E}.Release|x86.ActiveCfg = Release|Any CPU
		{B384D1FE-B84E-4F08-B94A-FE70D2A1685E}.Release|x86.Build.0 = Release|Any CPU
		{4DC99F83-7961-4355-B9DD-9085682B1569}.Debug|Any CPU.ActiveCfg = Debug|Any CPU
		{4DC99F83-7961-4355-B9DD-9085682B1569}.Debug|Any CPU.Build.0 = Debug|Any CPU
		{4DC99F83-7961-4355-B9DD-9085682B1569}.Debug|x64.ActiveCfg = Debug|Any CPU
		{4DC99F83-7961-4355-B9DD-9085682B1569}.Debug|x64.Build.0 = Debug|Any CPU
		{4DC99F83-7961-4355-B9DD-9085682B1569}.Debug|x86.ActiveCfg = Debug|Any CPU
		{4DC99F83-7961-4355-B9DD-9085682B1569}.Debug|x86.Build.0 = Debug|Any CPU
		{4DC99F83-7961-4355-B9DD-9085682B1569}.Release|Any CPU.ActiveCfg = Release|Any CPU
		{4DC99F83-7961-4355-B9DD-9085682B1569}.Release|Any CPU.Build.0 = Release|Any CPU
		{4DC99F83-7961-4355-B9DD-9085682B1569}.Release|x64.ActiveCfg = Release|Any CPU
		{4DC99F83-7961-4355-B9DD-9085682B1569}.Release|x64.Build.0 = Release|Any CPU
		{4DC99F83-7961-4355-B9DD-9085682B1569}.Release|x86.ActiveCfg = Release|Any CPU
		{4DC99F83-7961-4355-B9DD-9085682B1569}.Release|x86.Build.0 = Release|Any CPU
		{EC31DE70-AABF-4866-92B5-00C4A8DB04DC}.Debug|Any CPU.ActiveCfg = Debug|Any CPU
		{EC31DE70-AABF-4866-92B5-00C4A8DB04DC}.Debug|Any CPU.Build.0 = Debug|Any CPU
		{EC31DE70-AABF-4866-92B5-00C4A8DB04DC}.Debug|x64.ActiveCfg = Debug|Any CPU
		{EC31DE70-AABF-4866-92B5-00C4A8DB04DC}.Debug|x64.Build.0 = Debug|Any CPU
		{EC31DE70-AABF-4866-92B5-00C4A8DB04DC}.Debug|x86.ActiveCfg = Debug|Any CPU
		{EC31DE70-AABF-4866-92B5-00C4A8DB04DC}.Debug|x86.Build.0 = Debug|Any CPU
		{EC31DE70-AABF-4866-92B5-00C4A8DB04DC}.Release|Any CPU.ActiveCfg = Release|Any CPU
		{EC31DE70-AABF-4866-92B5-00C4A8DB04DC}.Release|Any CPU.Build.0 = Release|Any CPU
		{EC31DE70-AABF-4866-92B5-00C4A8DB04DC}.Release|x64.ActiveCfg = Release|Any CPU
		{EC31DE70-AABF-4866-92B5-00C4A8DB04DC}.Release|x64.Build.0 = Release|Any CPU
		{EC31DE70-AABF-4866-92B5-00C4A8DB04DC}.Release|x86.ActiveCfg = Release|Any CPU
		{EC31DE70-AABF-4866-92B5-00C4A8DB04DC}.Release|x86.Build.0 = Release|Any CPU
		{66BC9F1D-D8B5-4B45-B41C-775D5121741C}.Debug|Any CPU.ActiveCfg = Debug|Any CPU
		{66BC9F1D-D8B5-4B45-B41C-775D5121741C}.Debug|Any CPU.Build.0 = Debug|Any CPU
		{66BC9F1D-D8B5-4B45-B41C-775D5121741C}.Debug|x64.ActiveCfg = Debug|Any CPU
		{66BC9F1D-D8B5-4B45-B41C-775D5121741C}.Debug|x64.Build.0 = Debug|Any CPU
		{66BC9F1D-D8B5-4B45-B41C-775D5121741C}.Debug|x86.ActiveCfg = Debug|Any CPU
		{66BC9F1D-D8B5-4B45-B41C-775D5121741C}.Debug|x86.Build.0 = Debug|Any CPU
		{66BC9F1D-D8B5-4B45-B41C-775D5121741C}.Release|Any CPU.ActiveCfg = Release|Any CPU
		{66BC9F1D-D8B5-4B45-B41C-775D5121741C}.Release|Any CPU.Build.0 = Release|Any CPU
		{66BC9F1D-D8B5-4B45-B41C-775D5121741C}.Release|x64.ActiveCfg = Release|Any CPU
		{66BC9F1D-D8B5-4B45-B41C-775D5121741C}.Release|x64.Build.0 = Release|Any CPU
		{66BC9F1D-D8B5-4B45-B41C-775D5121741C}.Release|x86.ActiveCfg = Release|Any CPU
		{66BC9F1D-D8B5-4B45-B41C-775D5121741C}.Release|x86.Build.0 = Release|Any CPU
		{B1683853-1B60-45DD-B718-D7FC36B9F3E5}.Debug|Any CPU.ActiveCfg = Debug|Win32
		{B1683853-1B60-45DD-B718-D7FC36B9F3E5}.Debug|x64.ActiveCfg = Debug|x64
		{B1683853-1B60-45DD-B718-D7FC36B9F3E5}.Debug|x64.Build.0 = Debug|x64
		{B1683853-1B60-45DD-B718-D7FC36B9F3E5}.Debug|x86.ActiveCfg = Debug|Win32
		{B1683853-1B60-45DD-B718-D7FC36B9F3E5}.Debug|x86.Build.0 = Debug|Win32
		{B1683853-1B60-45DD-B718-D7FC36B9F3E5}.Release|Any CPU.ActiveCfg = Release|Win32
		{B1683853-1B60-45DD-B718-D7FC36B9F3E5}.Release|x64.ActiveCfg = Release|x64
		{B1683853-1B60-45DD-B718-D7FC36B9F3E5}.Release|x64.Build.0 = Release|x64
		{B1683853-1B60-45DD-B718-D7FC36B9F3E5}.Release|x86.ActiveCfg = Release|Win32
		{B1683853-1B60-45DD-B718-D7FC36B9F3E5}.Release|x86.Build.0 = Release|Win32
		{F7FEF7D4-D7C8-40C7-B2FB-A68F43FF0552}.Debug|Any CPU.ActiveCfg = Debug|Win32
		{F7FEF7D4-D7C8-40C7-B2FB-A68F43FF0552}.Debug|x64.ActiveCfg = Debug|x64
		{F7FEF7D4-D7C8-40C7-B2FB-A68F43FF0552}.Debug|x64.Build.0 = Debug|x64
		{F7FEF7D4-D7C8-40C7-B2FB-A68F43FF0552}.Debug|x86.ActiveCfg = Debug|Win32
		{F7FEF7D4-D7C8-40C7-B2FB-A68F43FF0552}.Debug|x86.Build.0 = Debug|Win32
		{F7FEF7D4-D7C8-40C7-B2FB-A68F43FF0552}.Release|Any CPU.ActiveCfg = Release|Win32
		{F7FEF7D4-D7C8-40C7-B2FB-A68F43FF0552}.Release|x64.ActiveCfg = Release|x64
		{F7FEF7D4-D7C8-40C7-B2FB-A68F43FF0552}.Release|x64.Build.0 = Release|x64
		{F7FEF7D4-D7C8-40C7-B2FB-A68F43FF0552}.Release|x86.ActiveCfg = Release|Win32
		{F7FEF7D4-D7C8-40C7-B2FB-A68F43FF0552}.Release|x86.Build.0 = Release|Win32
		{6F496E9C-A5F9-4320-A156-CF9B4450AE56}.Debug|Any CPU.ActiveCfg = Debug|Win32
		{6F496E9C-A5F9-4320-A156-CF9B4450AE56}.Debug|x64.ActiveCfg = Debug|x64
		{6F496E9C-A5F9-4320-A156-CF9B4450AE56}.Debug|x64.Build.0 = Debug|x64
		{6F496E9C-A5F9-4320-A156-CF9B4450AE56}.Debug|x86.ActiveCfg = Debug|Win32
		{6F496E9C-A5F9-4320-A156-CF9B4450AE56}.Debug|x86.Build.0 = Debug|Win32
		{6F496E9C-A5F9-4320-A156-CF9B4450AE56}.Release|Any CPU.ActiveCfg = Release|Win32
		{6F496E9C-A5F9-4320-A156-CF9B4450AE56}.Release|x64.ActiveCfg = Release|x64
		{6F496E9C-A5F9-4320-A156-CF9B4450AE56}.Release|x64.Build.0 = Release|x64
		{6F496E9C-A5F9-4320-A156-CF9B4450AE56}.Release|x86.ActiveCfg = Release|Win32
		{6F496E9C-A5F9-4320-A156-CF9B4450AE56}.Release|x86.Build.0 = Release|Win32
		{5144F90E-E4A5-4918-AD90-F8A03CC69BB6}.Debug|Any CPU.ActiveCfg = Debug|Win32
		{5144F90E-E4A5-4918-AD90-F8A03CC69BB6}.Debug|x64.ActiveCfg = Debug|x64
		{5144F90E-E4A5-4918-AD90-F8A03CC69BB6}.Debug|x64.Build.0 = Debug|x64
		{5144F90E-E4A5-4918-AD90-F8A03CC69BB6}.Debug|x86.ActiveCfg = Debug|Win32
		{5144F90E-E4A5-4918-AD90-F8A03CC69BB6}.Debug|x86.Build.0 = Debug|Win32
		{5144F90E-E4A5-4918-AD90-F8A03CC69BB6}.Release|Any CPU.ActiveCfg = Release|Win32
		{5144F90E-E4A5-4918-AD90-F8A03CC69BB6}.Release|x64.ActiveCfg = Release|x64
		{5144F90E-E4A5-4918-AD90-F8A03CC69BB6}.Release|x64.Build.0 = Release|x64
		{5144F90E-E4A5-4918-AD90-F8A03CC69BB6}.Release|x86.ActiveCfg = Release|Win32
		{5144F90E-E4A5-4918-AD90-F8A03CC69BB6}.Release|x86.Build.0 = Release|Win32
		{789369BA-B420-42B2-8D96-3CE7CC0AC21C}.Debug|Any CPU.ActiveCfg = Debug|Any CPU
		{789369BA-B420-42B2-8D96-3CE7CC0AC21C}.Debug|Any CPU.Build.0 = Debug|Any CPU
		{789369BA-B420-42B2-8D96-3CE7CC0AC21C}.Debug|x64.ActiveCfg = Debug|Any CPU
		{789369BA-B420-42B2-8D96-3CE7CC0AC21C}.Debug|x64.Build.0 = Debug|Any CPU
		{789369BA-B420-42B2-8D96-3CE7CC0AC21C}.Debug|x86.ActiveCfg = Debug|Any CPU
		{789369BA-B420-42B2-8D96-3CE7CC0AC21C}.Debug|x86.Build.0 = Debug|Any CPU
		{789369BA-B420-42B2-8D96-3CE7CC0AC21C}.Release|Any CPU.ActiveCfg = Release|Any CPU
		{789369BA-B420-42B2-8D96-3CE7CC0AC21C}.Release|Any CPU.Build.0 = Release|Any CPU
		{789369BA-B420-42B2-8D96-3CE7CC0AC21C}.Release|x64.ActiveCfg = Release|Any CPU
		{789369BA-B420-42B2-8D96-3CE7CC0AC21C}.Release|x64.Build.0 = Release|Any CPU
		{789369BA-B420-42B2-8D96-3CE7CC0AC21C}.Release|x86.ActiveCfg = Release|Any CPU
		{789369BA-B420-42B2-8D96-3CE7CC0AC21C}.Release|x86.Build.0 = Release|Any CPU
		{60EFBDD6-008C-4540-A89C-16A8F8E22600}.Debug|Any CPU.ActiveCfg = Debug|Any CPU
		{60EFBDD6-008C-4540-A89C-16A8F8E22600}.Debug|Any CPU.Build.0 = Debug|Any CPU
		{60EFBDD6-008C-4540-A89C-16A8F8E22600}.Debug|x64.ActiveCfg = Debug|Any CPU
		{60EFBDD6-008C-4540-A89C-16A8F8E22600}.Debug|x64.Build.0 = Debug|Any CPU
		{60EFBDD6-008C-4540-A89C-16A8F8E22600}.Debug|x86.ActiveCfg = Debug|Any CPU
		{60EFBDD6-008C-4540-A89C-16A8F8E22600}.Debug|x86.Build.0 = Debug|Any CPU
		{60EFBDD6-008C-4540-A89C-16A8F8E22600}.Release|Any CPU.ActiveCfg = Release|Any CPU
		{60EFBDD6-008C-4540-A89C-16A8F8E22600}.Release|Any CPU.Build.0 = Release|Any CPU
		{60EFBDD6-008C-4540-A89C-16A8F8E22600}.Release|x64.ActiveCfg = Release|Any CPU
		{60EFBDD6-008C-4540-A89C-16A8F8E22600}.Release|x64.Build.0 = Release|Any CPU
		{60EFBDD6-008C-4540-A89C-16A8F8E22600}.Release|x86.ActiveCfg = Release|Any CPU
		{60EFBDD6-008C-4540-A89C-16A8F8E22600}.Release|x86.Build.0 = Release|Any CPU
		{0948A443-B8F8-4B3F-918D-5D743CDC97CE}.Debug|Any CPU.ActiveCfg = Debug|Any CPU
		{0948A443-B8F8-4B3F-918D-5D743CDC97CE}.Debug|Any CPU.Build.0 = Debug|Any CPU
		{0948A443-B8F8-4B3F-918D-5D743CDC97CE}.Debug|x64.ActiveCfg = Debug|Any CPU
		{0948A443-B8F8-4B3F-918D-5D743CDC97CE}.Debug|x64.Build.0 = Debug|Any CPU
		{0948A443-B8F8-4B3F-918D-5D743CDC97CE}.Debug|x86.ActiveCfg = Debug|Any CPU
		{0948A443-B8F8-4B3F-918D-5D743CDC97CE}.Debug|x86.Build.0 = Debug|Any CPU
		{0948A443-B8F8-4B3F-918D-5D743CDC97CE}.Release|Any CPU.ActiveCfg = Release|Any CPU
		{0948A443-B8F8-4B3F-918D-5D743CDC97CE}.Release|Any CPU.Build.0 = Release|Any CPU
		{0948A443-B8F8-4B3F-918D-5D743CDC97CE}.Release|x64.ActiveCfg = Release|Any CPU
		{0948A443-B8F8-4B3F-918D-5D743CDC97CE}.Release|x64.Build.0 = Release|Any CPU
		{0948A443-B8F8-4B3F-918D-5D743CDC97CE}.Release|x86.ActiveCfg = Release|Any CPU
		{0948A443-B8F8-4B3F-918D-5D743CDC97CE}.Release|x86.Build.0 = Release|Any CPU
	EndGlobalSection
	GlobalSection(SolutionProperties) = preSolution
		HideSolutionNode = FALSE
	EndGlobalSection
	GlobalSection(NestedProjects) = preSolution
		{F0C8CA97-3F3E-492A-8CB3-E45AA6A32DFF} = {29B51ACF-EE38-4CAA-9F99-B0FAC6DE07A6}
		{07A2F29B-B982-4656-86B0-4C1F736870BB} = {95EF301C-46AC-497D-8316-5A371CA27A01}
		{812EB637-A2B9-4262-BCD5-91B3AF14093E} = {29B51ACF-EE38-4CAA-9F99-B0FAC6DE07A6}
		{29B51ACF-EE38-4CAA-9F99-B0FAC6DE07A6} = {A0513099-36D2-4F82-84EB-2E4564C3AA35}
		{C7671179-A4D5-4EC6-B899-C3D246D4A5C8} = {A0513099-36D2-4F82-84EB-2E4564C3AA35}
		{95EF301C-46AC-497D-8316-5A371CA27A01} = {A0513099-36D2-4F82-84EB-2E4564C3AA35}
		{2AEEBC72-8D4F-46C5-B837-E22E080F03F5} = {A0513099-36D2-4F82-84EB-2E4564C3AA35}
		{213070BA-7371-48A0-892F-3292D1A031BB} = {2AEEBC72-8D4F-46C5-B837-E22E080F03F5}
		{8441C79F-E985-40B4-B6B1-379FB56851CD} = {95EF301C-46AC-497D-8316-5A371CA27A01}
		{148BEFD3-D972-4855-92F7-3E2C27141DD2} = {95EF301C-46AC-497D-8316-5A371CA27A01}
		{2F0598D8-66B1-4F92-B902-43764B16CC9E} = {95EF301C-46AC-497D-8316-5A371CA27A01}
		{944A5304-438E-4186-A8E2-65A39F937880} = {95EF301C-46AC-497D-8316-5A371CA27A01}
		{991D218A-2D9D-48E4-90D9-4FC290F0CFD1} = {95EF301C-46AC-497D-8316-5A371CA27A01}
		{1C5589F1-2401-44E9-BC9D-43472EE9C60C} = {95EF301C-46AC-497D-8316-5A371CA27A01}
		{1CA6A13E-FED3-47C3-A6F2-CF0124EFBD3D} = {95EF301C-46AC-497D-8316-5A371CA27A01}
		{14C1FDDD-396A-429C-B6E9-5FB18A700802} = {95EF301C-46AC-497D-8316-5A371CA27A01}
		{C9877BBE-450B-41B8-AA6D-516386D75ABF} = {95EF301C-46AC-497D-8316-5A371CA27A01}
		{A317EE41-5776-4B3F-B4CD-F3D6784B8E64} = {95EF301C-46AC-497D-8316-5A371CA27A01}
		{BA06703C-3250-4C0A-94B7-67708067AF03} = {95EF301C-46AC-497D-8316-5A371CA27A01}
		{9AF8DED8-969B-4302-ACCB-9EA5FFC2E159} = {28AABDE6-1371-4428-8D19-6D0E87659E89}
		{F8039F37-7FD1-4555-AB20-BAC5CE50EA81} = {9AF8DED8-969B-4302-ACCB-9EA5FFC2E159}
		{3BFAA72F-22D9-4427-995C-64D9D41D3502} = {A0513099-36D2-4F82-84EB-2E4564C3AA35}
		{E9AE272C-594D-42C2-8A8D-FA343A68BC99} = {3BFAA72F-22D9-4427-995C-64D9D41D3502}
		{0288704D-CA0F-4C48-AE99-DD8B18003322} = {95EF301C-46AC-497D-8316-5A371CA27A01}
		{FDB54507-F64F-4B94-9F20-05C0E1045A71} = {95EF301C-46AC-497D-8316-5A371CA27A01}
		{C25C85EC-F1AD-4509-9A36-293C1863E199} = {95EF301C-46AC-497D-8316-5A371CA27A01}
		{F9721085-EEFD-477F-A462-FD6A7D407E28} = {3BFAA72F-22D9-4427-995C-64D9D41D3502}
		{E5C0FFA8-111B-4108-9027-B99D9A656055} = {9AF8DED8-969B-4302-ACCB-9EA5FFC2E159}
		{3CAF6F07-B6DC-495E-9EBC-376349ED178B} = {95EF301C-46AC-497D-8316-5A371CA27A01}
		{AE4B9C82-4565-4BC1-951A-0E8CA74B1B8F} = {95EF301C-46AC-497D-8316-5A371CA27A01}
		{7FCA6937-45C8-4B80-9BAF-8950610A6C8E} = {95EF301C-46AC-497D-8316-5A371CA27A01}
		{D5BA3D49-0EF3-459D-A1DF-C8279634ED80} = {95EF301C-46AC-497D-8316-5A371CA27A01}
		{6CF6685C-953D-4EFF-9D7E-C47C6BDB8C82} = {3BFAA72F-22D9-4427-995C-64D9D41D3502}
		{AA92CE65-CB31-4052-B620-107BC1CA88E3} = {95EF301C-46AC-497D-8316-5A371CA27A01}
		{9D6E7F48-5472-4451-A065-4854ED70F623} = {95EF301C-46AC-497D-8316-5A371CA27A01}
		{31786BB7-29FE-4D27-91C8-3491830F38A2} = {95EF301C-46AC-497D-8316-5A371CA27A01}
		{B00C2996-719A-424E-A1CE-17601073C7C9} = {95EF301C-46AC-497D-8316-5A371CA27A01}
		{F1AB9A6D-6E65-452C-9097-411BC6A14896} = {3BFAA72F-22D9-4427-995C-64D9D41D3502}
		{99555218-B064-4A1A-8A82-9321CBDF99B2} = {95EF301C-46AC-497D-8316-5A371CA27A01}
		{D8F8345A-53D7-4684-A199-8254E78DB92F} = {95EF301C-46AC-497D-8316-5A371CA27A01}
		{C71F1D82-CCD1-4894-B3AA-2EF2A948E1E2} = {95EF301C-46AC-497D-8316-5A371CA27A01}
		{E83BEA5E-7E94-4231-A1F5-6949D6D524E7} = {3BFAA72F-22D9-4427-995C-64D9D41D3502}
		{2FAD9E75-787D-427F-8494-14ADAFE54DBE} = {95EF301C-46AC-497D-8316-5A371CA27A01}
		{FA21BC3D-4F77-4821-96B0-4633B7AE8ECE} = {95EF301C-46AC-497D-8316-5A371CA27A01}
		{91BEC0AA-9471-4020-8C0B-0BEBEE9924CC} = {95EF301C-46AC-497D-8316-5A371CA27A01}
		{26B97AF0-886A-4F59-B891-1AF58C887B72} = {95EF301C-46AC-497D-8316-5A371CA27A01}
		{FAB60801-827C-4ABE-9B56-4458789D87EE} = {95EF301C-46AC-497D-8316-5A371CA27A01}
		{D38EBE59-116E-4E48-A112-FF2F40B59794} = {C7671179-A4D5-4EC6-B899-C3D246D4A5C8}
		{FAAD5B85-5FBA-4DAF-820F-906C3F36497A} = {95EF301C-46AC-497D-8316-5A371CA27A01}
		{EDD2E3AF-24FA-40A8-9849-A6C74E370EE8} = {C7671179-A4D5-4EC6-B899-C3D246D4A5C8}
		{6B407AAF-567B-479B-A4A2-E8F34D18163C} = {95EF301C-46AC-497D-8316-5A371CA27A01}
		{0ABF5C46-105A-4259-8645-3DB222C602E1} = {9AF8DED8-969B-4302-ACCB-9EA5FFC2E159}
		{53162EA0-C32C-42CC-8D34-4E1BEB31382E} = {9AF8DED8-969B-4302-ACCB-9EA5FFC2E159}
		{D9785FD4-252F-4E11-BB81-FFC199BF5073} = {9AF8DED8-969B-4302-ACCB-9EA5FFC2E159}
		{65180196-8414-4DEE-B19E-35B57D343995} = {9AF8DED8-969B-4302-ACCB-9EA5FFC2E159}
		{4E1D1B21-0E5C-4BFE-8688-FBC3D1EB2C42} = {A0513099-36D2-4F82-84EB-2E4564C3AA35}
		{92FE1526-BBE3-4A2D-8B4A-B8307CA95ABC} = {4E1D1B21-0E5C-4BFE-8688-FBC3D1EB2C42}
		{EC3F2125-46A9-465A-B968-39836B935CFD} = {9AF8DED8-969B-4302-ACCB-9EA5FFC2E159}
		{0B6E0392-EFE4-4F45-A06F-3E8370434B21} = {4F2BF85C-4013-4137-88CC-39932B753B2F}
		{125626BF-FDDD-4440-89A5-9245CADB022B} = {A0513099-36D2-4F82-84EB-2E4564C3AA35}
		{7E6E199F-AC2D-4A1A-819E-0A1D960415F7} = {125626BF-FDDD-4440-89A5-9245CADB022B}
		{374527BF-0F96-4ED4-AD8B-55161C76AC3C} = {95EF301C-46AC-497D-8316-5A371CA27A01}
		{D65DA447-8291-4C60-9458-D01CC4907E5D} = {2AEEBC72-8D4F-46C5-B837-E22E080F03F5}
		{6ED54874-D874-495C-BE73-3FF0B0C1D0D6} = {95EF301C-46AC-497D-8316-5A371CA27A01}
		{CB1C21DB-2BBA-439A-8024-C9222772601B} = {4E1D1B21-0E5C-4BFE-8688-FBC3D1EB2C42}
		{E4B6AB58-9DC1-427F-8FD6-7A136A34C854} = {3BFAA72F-22D9-4427-995C-64D9D41D3502}
		{B46F0F94-5D09-4029-979D-08F6E09FFE0D} = {A0513099-36D2-4F82-84EB-2E4564C3AA35}
		{9B951ABC-BCB5-44BB-8E5C-A384FA6BA006} = {B46F0F94-5D09-4029-979D-08F6E09FFE0D}
		{73583A4D-91BB-4999-B5D5-58AAFBCDDBD2} = {95EF301C-46AC-497D-8316-5A371CA27A01}
		{5907B253-E304-4F6A-8FF7-B22CF9B9D564} = {95EF301C-46AC-497D-8316-5A371CA27A01}
		{95621C9A-7D80-4713-AC1E-ADF85056E0C3} = {95EF301C-46AC-497D-8316-5A371CA27A01}
		{71287F4C-3669-463C-AF99-EF5830E510D0} = {95EF301C-46AC-497D-8316-5A371CA27A01}
		{44959E5E-940C-4B68-9A8D-0A4351D62BAC} = {95EF301C-46AC-497D-8316-5A371CA27A01}
		{D0D3E69E-717F-4043-8DD9-E6C9059CD40E} = {95EF301C-46AC-497D-8316-5A371CA27A01}
		{05FE0B2B-C181-4E1B-93EF-FE990C14DB53} = {95EF301C-46AC-497D-8316-5A371CA27A01}
		{208EAC71-6AEE-4A3F-92F8-5EA1E8888345} = {95EF301C-46AC-497D-8316-5A371CA27A01}
		{8F643801-94BE-4E17-8547-DE66148D0567} = {4E1D1B21-0E5C-4BFE-8688-FBC3D1EB2C42}
		{69A1D4B9-60FA-4920-AB28-4F785DAA87EE} = {4E1D1B21-0E5C-4BFE-8688-FBC3D1EB2C42}
		{82BE5A58-C736-4102-8D8F-39D515637695} = {4E1D1B21-0E5C-4BFE-8688-FBC3D1EB2C42}
		{B384D1FE-B84E-4F08-B94A-FE70D2A1685E} = {2AEEBC72-8D4F-46C5-B837-E22E080F03F5}
		{4DC99F83-7961-4355-B9DD-9085682B1569} = {95EF301C-46AC-497D-8316-5A371CA27A01}
		{EC31DE70-AABF-4866-92B5-00C4A8DB04DC} = {2AEEBC72-8D4F-46C5-B837-E22E080F03F5}
		{66BC9F1D-D8B5-4B45-B41C-775D5121741C} = {2AEEBC72-8D4F-46C5-B837-E22E080F03F5}
		{B1683853-1B60-45DD-B718-D7FC36B9F3E5} = {4F2BF85C-4013-4137-88CC-39932B753B2F}
		{F7FEF7D4-D7C8-40C7-B2FB-A68F43FF0552} = {4F2BF85C-4013-4137-88CC-39932B753B2F}
		{63AC2321-51D0-4916-8C5F-2B182B5EAFFB} = {28AABDE6-1371-4428-8D19-6D0E87659E89}
		{6F496E9C-A5F9-4320-A156-CF9B4450AE56} = {63AC2321-51D0-4916-8C5F-2B182B5EAFFB}
		{5144F90E-E4A5-4918-AD90-F8A03CC69BB6} = {4F2BF85C-4013-4137-88CC-39932B753B2F}
		{789369BA-B420-42B2-8D96-3CE7CC0AC21C} = {95EF301C-46AC-497D-8316-5A371CA27A01}
		{60EFBDD6-008C-4540-A89C-16A8F8E22600} = {C7671179-A4D5-4EC6-B899-C3D246D4A5C8}
		{0948A443-B8F8-4B3F-918D-5D743CDC97CE} = {9075799A-4C57-4535-9B5A-044031700E24}
	EndGlobalSection
	GlobalSection(ExtensibilityGlobals) = postSolution
		SolutionGuid = {35E455D0-7B56-42E3-B212-EFFD5CDF9D8A}
	EndGlobalSection
EndGlobal
